// !$*UTF8*$!
{
	archiveVersion = 1;
	classes = {
	};
	objectVersion = 56;
	objects = {

/* Begin PBXBuildFile section */
		7A6F31FA2AC3FD510010E84D /* week1_personalApp.swift in Sources */ = {isa = PBXBuildFile; fileRef = 7A6F31F92AC3FD510010E84D /* week1_personalApp.swift */; };
		7A6F31FC2AC3FD510010E84D /* ContentView.swift in Sources */ = {isa = PBXBuildFile; fileRef = 7A6F31FB2AC3FD510010E84D /* ContentView.swift */; };
		7A6F31FE2AC3FD530010E84D /* Assets.xcassets in Resources */ = {isa = PBXBuildFile; fileRef = 7A6F31FD2AC3FD530010E84D /* Assets.xcassets */; };
		7A6F32022AC3FD530010E84D /* Preview Assets.xcassets in Resources */ = {isa = PBXBuildFile; fileRef = 7A6F32012AC3FD530010E84D /* Preview Assets.xcassets */; };
		7A6F320C2AC3FD530010E84D /* week1_personalTests.swift in Sources */ = {isa = PBXBuildFile; fileRef = 7A6F320B2AC3FD530010E84D /* week1_personalTests.swift */; };
		7A6F32162AC3FD530010E84D /* week1_personalUITests.swift in Sources */ = {isa = PBXBuildFile; fileRef = 7A6F32152AC3FD530010E84D /* week1_personalUITests.swift */; };
		7A6F32182AC3FD530010E84D /* week1_personalUITestsLaunchTests.swift in Sources */ = {isa = PBXBuildFile; fileRef = 7A6F32172AC3FD530010E84D /* week1_personalUITestsLaunchTests.swift */; };
/* End PBXBuildFile section */

/* Begin PBXContainerItemProxy section */
		7A6F32082AC3FD530010E84D /* PBXContainerItemProxy */ = {
			isa = PBXContainerItemProxy;
			containerPortal = 7A6F31EE2AC3FD510010E84D /* Project object */;
			proxyType = 1;
			remoteGlobalIDString = 7A6F31F52AC3FD510010E84D;
			remoteInfo = week1_personal;
		};
		7A6F32122AC3FD530010E84D /* PBXContainerItemProxy */ = {
			isa = PBXContainerItemProxy;
			containerPortal = 7A6F31EE2AC3FD510010E84D /* Project object */;
			proxyType = 1;
			remoteGlobalIDString = 7A6F31F52AC3FD510010E84D;
			remoteInfo = week1_personal;
		};
/* End PBXContainerItemProxy section */

/* Begin PBXFileReference section */
		7A6F31F62AC3FD510010E84D /* week1_personal.app */ = {isa = PBXFileReference; explicitFileType = wrapper.application; includeInIndex = 0; path = week1_personal.app; sourceTree = BUILT_PRODUCTS_DIR; };
		7A6F31F92AC3FD510010E84D /* week1_personalApp.swift */ = {isa = PBXFileReference; lastKnownFileType = sourcecode.swift; path = week1_personalApp.swift; sourceTree = "<group>"; };
		7A6F31FB2AC3FD510010E84D /* ContentView.swift */ = {isa = PBXFileReference; lastKnownFileType = sourcecode.swift; path = ContentView.swift; sourceTree = "<group>"; };
		7A6F31FD2AC3FD530010E84D /* Assets.xcassets */ = {isa = PBXFileReference; lastKnownFileType = folder.assetcatalog; path = Assets.xcassets; sourceTree = "<group>"; };
		7A6F31FF2AC3FD530010E84D /* week1_personal.entitlements */ = {isa = PBXFileReference; lastKnownFileType = text.plist.entitlements; path = week1_personal.entitlements; sourceTree = "<group>"; };
		7A6F32012AC3FD530010E84D /* Preview Assets.xcassets */ = {isa = PBXFileReference; lastKnownFileType = folder.assetcatalog; path = "Preview Assets.xcassets"; sourceTree = "<group>"; };
		7A6F32072AC3FD530010E84D /* week1_personalTests.xctest */ = {isa = PBXFileReference; explicitFileType = wrapper.cfbundle; includeInIndex = 0; path = week1_personalTests.xctest; sourceTree = BUILT_PRODUCTS_DIR; };
		7A6F320B2AC3FD530010E84D /* week1_personalTests.swift */ = {isa = PBXFileReference; lastKnownFileType = sourcecode.swift; path = week1_personalTests.swift; sourceTree = "<group>"; };
		7A6F32112AC3FD530010E84D /* week1_personalUITests.xctest */ = {isa = PBXFileReference; explicitFileType = wrapper.cfbundle; includeInIndex = 0; path = week1_personalUITests.xctest; sourceTree = BUILT_PRODUCTS_DIR; };
		7A6F32152AC3FD530010E84D /* week1_personalUITests.swift */ = {isa = PBXFileReference; lastKnownFileType = sourcecode.swift; path = week1_personalUITests.swift; sourceTree = "<group>"; };
		7A6F32172AC3FD530010E84D /* week1_personalUITestsLaunchTests.swift */ = {isa = PBXFileReference; lastKnownFileType = sourcecode.swift; path = week1_personalUITestsLaunchTests.swift; sourceTree = "<group>"; };
/* End PBXFileReference section */

/* Begin PBXFrameworksBuildPhase section */
		7A6F31F32AC3FD510010E84D /* Frameworks */ = {
			isa = PBXFrameworksBuildPhase;
			buildActionMask = 2147483647;
			files = (
			);
			runOnlyForDeploymentPostprocessing = 0;
		};
		7A6F32042AC3FD530010E84D /* Frameworks */ = {
			isa = PBXFrameworksBuildPhase;
			buildActionMask = 2147483647;
			files = (
			);
			runOnlyForDeploymentPostprocessing = 0;
		};
		7A6F320E2AC3FD530010E84D /* Frameworks */ = {
			isa = PBXFrameworksBuildPhase;
			buildActionMask = 2147483647;
			files = (
			);
			runOnlyForDeploymentPostprocessing = 0;
		};
/* End PBXFrameworksBuildPhase section */

/* Begin PBXGroup section */
		7A6F31ED2AC3FD510010E84D = {
			isa = PBXGroup;
			children = (
				7A6F31F82AC3FD510010E84D /* week1_personal */,
				7A6F320A2AC3FD530010E84D /* week1_personalTests */,
				7A6F32142AC3FD530010E84D /* week1_personalUITests */,
				7A6F31F72AC3FD510010E84D /* Products */,
			);
			sourceTree = "<group>";
		};
		7A6F31F72AC3FD510010E84D /* Products */ = {
			isa = PBXGroup;
			children = (
				7A6F31F62AC3FD510010E84D /* week1_personal.app */,
				7A6F32072AC3FD530010E84D /* week1_personalTests.xctest */,
				7A6F32112AC3FD530010E84D /* week1_personalUITests.xctest */,
			);
			name = Products;
			sourceTree = "<group>";
		};
		7A6F31F82AC3FD510010E84D /* week1_personal */ = {
			isa = PBXGroup;
			children = (
				7A6F31F92AC3FD510010E84D /* week1_personalApp.swift */,
				7A6F31FB2AC3FD510010E84D /* ContentView.swift */,
				7A6F31FD2AC3FD530010E84D /* Assets.xcassets */,
				7A6F31FF2AC3FD530010E84D /* week1_personal.entitlements */,
				7A6F32002AC3FD530010E84D /* Preview Content */,
			);
			path = week1_personal;
			sourceTree = "<group>";
		};
		7A6F32002AC3FD530010E84D /* Preview Content */ = {
			isa = PBXGroup;
			children = (
				7A6F32012AC3FD530010E84D /* Preview Assets.xcassets */,
			);
			path = "Preview Content";
			sourceTree = "<group>";
		};
		7A6F320A2AC3FD530010E84D /* week1_personalTests */ = {
			isa = PBXGroup;
			children = (
				7A6F320B2AC3FD530010E84D /* week1_personalTests.swift */,
			);
			path = week1_personalTests;
			sourceTree = "<group>";
		};
		7A6F32142AC3FD530010E84D /* week1_personalUITests */ = {
			isa = PBXGroup;
			children = (
				7A6F32152AC3FD530010E84D /* week1_personalUITests.swift */,
				7A6F32172AC3FD530010E84D /* week1_personalUITestsLaunchTests.swift */,
			);
			path = week1_personalUITests;
			sourceTree = "<group>";
		};
/* End PBXGroup section */

/* Begin PBXNativeTarget section */
		7A6F31F52AC3FD510010E84D /* week1_personal */ = {
			isa = PBXNativeTarget;
			buildConfigurationList = 7A6F321B2AC3FD530010E84D /* Build configuration list for PBXNativeTarget "week1_personal" */;
			buildPhases = (
				7A6F31F22AC3FD510010E84D /* Sources */,
				7A6F31F32AC3FD510010E84D /* Frameworks */,
				7A6F31F42AC3FD510010E84D /* Resources */,
			);
			buildRules = (
			);
			dependencies = (
			);
			name = week1_personal;
			productName = week1_personal;
			productReference = 7A6F31F62AC3FD510010E84D /* week1_personal.app */;
			productType = "com.apple.product-type.application";
		};
		7A6F32062AC3FD530010E84D /* week1_personalTests */ = {
			isa = PBXNativeTarget;
			buildConfigurationList = 7A6F321E2AC3FD530010E84D /* Build configuration list for PBXNativeTarget "week1_personalTests" */;
			buildPhases = (
				7A6F32032AC3FD530010E84D /* Sources */,
				7A6F32042AC3FD530010E84D /* Frameworks */,
				7A6F32052AC3FD530010E84D /* Resources */,
			);
			buildRules = (
			);
			dependencies = (
				7A6F32092AC3FD530010E84D /* PBXTargetDependency */,
			);
			name = week1_personalTests;
			productName = week1_personalTests;
			productReference = 7A6F32072AC3FD530010E84D /* week1_personalTests.xctest */;
			productType = "com.apple.product-type.bundle.unit-test";
		};
		7A6F32102AC3FD530010E84D /* week1_personalUITests */ = {
			isa = PBXNativeTarget;
			buildConfigurationList = 7A6F32212AC3FD530010E84D /* Build configuration list for PBXNativeTarget "week1_personalUITests" */;
			buildPhases = (
				7A6F320D2AC3FD530010E84D /* Sources */,
				7A6F320E2AC3FD530010E84D /* Frameworks */,
				7A6F320F2AC3FD530010E84D /* Resources */,
			);
			buildRules = (
			);
			dependencies = (
				7A6F32132AC3FD530010E84D /* PBXTargetDependency */,
			);
			name = week1_personalUITests;
			productName = week1_personalUITests;
			productReference = 7A6F32112AC3FD530010E84D /* week1_personalUITests.xctest */;
			productType = "com.apple.product-type.bundle.ui-testing";
		};
/* End PBXNativeTarget section */

/* Begin PBXProject section */
		7A6F31EE2AC3FD510010E84D /* Project object */ = {
			isa = PBXProject;
			attributes = {
				BuildIndependentTargetsInParallel = 1;
				LastSwiftUpdateCheck = 1500;
				LastUpgradeCheck = 1500;
				TargetAttributes = {
					7A6F31F52AC3FD510010E84D = {
						CreatedOnToolsVersion = 15.0;
					};
					7A6F32062AC3FD530010E84D = {
						CreatedOnToolsVersion = 15.0;
						TestTargetID = 7A6F31F52AC3FD510010E84D;
					};
					7A6F32102AC3FD530010E84D = {
						CreatedOnToolsVersion = 15.0;
						TestTargetID = 7A6F31F52AC3FD510010E84D;
					};
				};
			};
			buildConfigurationList = 7A6F31F12AC3FD510010E84D /* Build configuration list for PBXProject "week1_personal" */;
			compatibilityVersion = "Xcode 14.0";
			developmentRegion = en;
			hasScannedForEncodings = 0;
			knownRegions = (
				en,
				Base,
			);
			mainGroup = 7A6F31ED2AC3FD510010E84D;
			productRefGroup = 7A6F31F72AC3FD510010E84D /* Products */;
			projectDirPath = "";
			projectRoot = "";
			targets = (
				7A6F31F52AC3FD510010E84D /* week1_personal */,
				7A6F32062AC3FD530010E84D /* week1_personalTests */,
				7A6F32102AC3FD530010E84D /* week1_personalUITests */,
			);
		};
/* End PBXProject section */

/* Begin PBXResourcesBuildPhase section */
		7A6F31F42AC3FD510010E84D /* Resources */ = {
			isa = PBXResourcesBuildPhase;
			buildActionMask = 2147483647;
			files = (
				7A6F32022AC3FD530010E84D /* Preview Assets.xcassets in Resources */,
				7A6F31FE2AC3FD530010E84D /* Assets.xcassets in Resources */,
			);
			runOnlyForDeploymentPostprocessing = 0;
		};
		7A6F32052AC3FD530010E84D /* Resources */ = {
			isa = PBXResourcesBuildPhase;
			buildActionMask = 2147483647;
			files = (
			);
			runOnlyForDeploymentPostprocessing = 0;
		};
		7A6F320F2AC3FD530010E84D /* Resources */ = {
			isa = PBXResourcesBuildPhase;
			buildActionMask = 2147483647;
			files = (
			);
			runOnlyForDeploymentPostprocessing = 0;
		};
/* End PBXResourcesBuildPhase section */

/* Begin PBXSourcesBuildPhase section */
		7A6F31F22AC3FD510010E84D /* Sources */ = {
			isa = PBXSourcesBuildPhase;
			buildActionMask = 2147483647;
			files = (
				7A6F31FC2AC3FD510010E84D /* ContentView.swift in Sources */,
				7A6F31FA2AC3FD510010E84D /* week1_personalApp.swift in Sources */,
			);
			runOnlyForDeploymentPostprocessing = 0;
		};
		7A6F32032AC3FD530010E84D /* Sources */ = {
			isa = PBXSourcesBuildPhase;
			buildActionMask = 2147483647;
			files = (
				7A6F320C2AC3FD530010E84D /* week1_personalTests.swift in Sources */,
			);
			runOnlyForDeploymentPostprocessing = 0;
		};
		7A6F320D2AC3FD530010E84D /* Sources */ = {
			isa = PBXSourcesBuildPhase;
			buildActionMask = 2147483647;
			files = (
				7A6F32182AC3FD530010E84D /* week1_personalUITestsLaunchTests.swift in Sources */,
				7A6F32162AC3FD530010E84D /* week1_personalUITests.swift in Sources */,
			);
			runOnlyForDeploymentPostprocessing = 0;
		};
/* End PBXSourcesBuildPhase section */

/* Begin PBXTargetDependency section */
		7A6F32092AC3FD530010E84D /* PBXTargetDependency */ = {
			isa = PBXTargetDependency;
			target = 7A6F31F52AC3FD510010E84D /* week1_personal */;
			targetProxy = 7A6F32082AC3FD530010E84D /* PBXContainerItemProxy */;
		};
		7A6F32132AC3FD530010E84D /* PBXTargetDependency */ = {
			isa = PBXTargetDependency;
			target = 7A6F31F52AC3FD510010E84D /* week1_personal */;
			targetProxy = 7A6F32122AC3FD530010E84D /* PBXContainerItemProxy */;
		};
/* End PBXTargetDependency section */

/* Begin XCBuildConfiguration section */
		7A6F32192AC3FD530010E84D /* Debug */ = {
			isa = XCBuildConfiguration;
			buildSettings = {
				ALWAYS_SEARCH_USER_PATHS = NO;
				ASSETCATALOG_COMPILER_GENERATE_SWIFT_ASSET_SYMBOL_EXTENSIONS = YES;
				CLANG_ANALYZER_NONNULL = YES;
				CLANG_ANALYZER_NUMBER_OBJECT_CONVERSION = YES_AGGRESSIVE;
				CLANG_CXX_LANGUAGE_STANDARD = "gnu++20";
				CLANG_ENABLE_MODULES = YES;
				CLANG_ENABLE_OBJC_ARC = YES;
				CLANG_ENABLE_OBJC_WEAK = YES;
				CLANG_WARN_BLOCK_CAPTURE_AUTORELEASING = YES;
				CLANG_WARN_BOOL_CONVERSION = YES;
				CLANG_WARN_COMMA = YES;
				CLANG_WARN_CONSTANT_CONVERSION = YES;
				CLANG_WARN_DEPRECATED_OBJC_IMPLEMENTATIONS = YES;
				CLANG_WARN_DIRECT_OBJC_ISA_USAGE = YES_ERROR;
				CLANG_WARN_DOCUMENTATION_COMMENTS = YES;
				CLANG_WARN_EMPTY_BODY = YES;
				CLANG_WARN_ENUM_CONVERSION = YES;
				CLANG_WARN_INFINITE_RECURSION = YES;
				CLANG_WARN_INT_CONVERSION = YES;
				CLANG_WARN_NON_LITERAL_NULL_CONVERSION = YES;
				CLANG_WARN_OBJC_IMPLICIT_RETAIN_SELF = YES;
				CLANG_WARN_OBJC_LITERAL_CONVERSION = YES;
				CLANG_WARN_OBJC_ROOT_CLASS = YES_ERROR;
				CLANG_WARN_QUOTED_INCLUDE_IN_FRAMEWORK_HEADER = YES;
				CLANG_WARN_RANGE_LOOP_ANALYSIS = YES;
				CLANG_WARN_STRICT_PROTOTYPES = YES;
				CLANG_WARN_SUSPICIOUS_MOVE = YES;
				CLANG_WARN_UNGUARDED_AVAILABILITY = YES_AGGRESSIVE;
				CLANG_WARN_UNREACHABLE_CODE = YES;
				CLANG_WARN__DUPLICATE_METHOD_MATCH = YES;
				COPY_PHASE_STRIP = NO;
				DEBUG_INFORMATION_FORMAT = dwarf;
				ENABLE_STRICT_OBJC_MSGSEND = YES;
				ENABLE_TESTABILITY = YES;
				ENABLE_USER_SCRIPT_SANDBOXING = YES;
				GCC_C_LANGUAGE_STANDARD = gnu17;
				GCC_DYNAMIC_NO_PIC = NO;
				GCC_NO_COMMON_BLOCKS = YES;
				GCC_OPTIMIZATION_LEVEL = 0;
				GCC_PREPROCESSOR_DEFINITIONS = (
					"DEBUG=1",
					"$(inherited)",
				);
				GCC_WARN_64_TO_32_BIT_CONVERSION = YES;
				GCC_WARN_ABOUT_RETURN_TYPE = YES_ERROR;
				GCC_WARN_UNDECLARED_SELECTOR = YES;
				GCC_WARN_UNINITIALIZED_AUTOS = YES_AGGRESSIVE;
				GCC_WARN_UNUSED_FUNCTION = YES;
				GCC_WARN_UNUSED_VARIABLE = YES;
				LOCALIZATION_PREFERS_STRING_CATALOGS = YES;
				MTL_ENABLE_DEBUG_INFO = INCLUDE_SOURCE;
				MTL_FAST_MATH = YES;
				ONLY_ACTIVE_ARCH = YES;
				SWIFT_ACTIVE_COMPILATION_CONDITIONS = "DEBUG $(inherited)";
				SWIFT_OPTIMIZATION_LEVEL = "-Onone";
			};
			name = Debug;
		};
		7A6F321A2AC3FD530010E84D /* Release */ = {
			isa = XCBuildConfiguration;
			buildSettings = {
				ALWAYS_SEARCH_USER_PATHS = NO;
				ASSETCATALOG_COMPILER_GENERATE_SWIFT_ASSET_SYMBOL_EXTENSIONS = YES;
				CLANG_ANALYZER_NONNULL = YES;
				CLANG_ANALYZER_NUMBER_OBJECT_CONVERSION = YES_AGGRESSIVE;
				CLANG_CXX_LANGUAGE_STANDARD = "gnu++20";
				CLANG_ENABLE_MODULES = YES;
				CLANG_ENABLE_OBJC_ARC = YES;
				CLANG_ENABLE_OBJC_WEAK = YES;
				CLANG_WARN_BLOCK_CAPTURE_AUTORELEASING = YES;
				CLANG_WARN_BOOL_CONVERSION = YES;
				CLANG_WARN_COMMA = YES;
				CLANG_WARN_CONSTANT_CONVERSION = YES;
				CLANG_WARN_DEPRECATED_OBJC_IMPLEMENTATIONS = YES;
				CLANG_WARN_DIRECT_OBJC_ISA_USAGE = YES_ERROR;
				CLANG_WARN_DOCUMENTATION_COMMENTS = YES;
				CLANG_WARN_EMPTY_BODY = YES;
				CLANG_WARN_ENUM_CONVERSION = YES;
				CLANG_WARN_INFINITE_RECURSION = YES;
				CLANG_WARN_INT_CONVERSION = YES;
				CLANG_WARN_NON_LITERAL_NULL_CONVERSION = YES;
				CLANG_WARN_OBJC_IMPLICIT_RETAIN_SELF = YES;
				CLANG_WARN_OBJC_LITERAL_CONVERSION = YES;
				CLANG_WARN_OBJC_ROOT_CLASS = YES_ERROR;
				CLANG_WARN_QUOTED_INCLUDE_IN_FRAMEWORK_HEADER = YES;
				CLANG_WARN_RANGE_LOOP_ANALYSIS = YES;
				CLANG_WARN_STRICT_PROTOTYPES = YES;
				CLANG_WARN_SUSPICIOUS_MOVE = YES;
				CLANG_WARN_UNGUARDED_AVAILABILITY = YES_AGGRESSIVE;
				CLANG_WARN_UNREACHABLE_CODE = YES;
				CLANG_WARN__DUPLICATE_METHOD_MATCH = YES;
				COPY_PHASE_STRIP = NO;
				DEBUG_INFORMATION_FORMAT = "dwarf-with-dsym";
				ENABLE_NS_ASSERTIONS = NO;
				ENABLE_STRICT_OBJC_MSGSEND = YES;
				ENABLE_USER_SCRIPT_SANDBOXING = YES;
				GCC_C_LANGUAGE_STANDARD = gnu17;
				GCC_NO_COMMON_BLOCKS = YES;
				GCC_WARN_64_TO_32_BIT_CONVERSION = YES;
				GCC_WARN_ABOUT_RETURN_TYPE = YES_ERROR;
				GCC_WARN_UNDECLARED_SELECTOR = YES;
				GCC_WARN_UNINITIALIZED_AUTOS = YES_AGGRESSIVE;
				GCC_WARN_UNUSED_FUNCTION = YES;
				GCC_WARN_UNUSED_VARIABLE = YES;
				LOCALIZATION_PREFERS_STRING_CATALOGS = YES;
				MTL_ENABLE_DEBUG_INFO = NO;
				MTL_FAST_MATH = YES;
				SWIFT_COMPILATION_MODE = wholemodule;
			};
			name = Release;
		};
		7A6F321C2AC3FD530010E84D /* Debug */ = {
			isa = XCBuildConfiguration;
			buildSettings = {
				ASSETCATALOG_COMPILER_APPICON_NAME = AppIcon;
				ASSETCATALOG_COMPILER_GLOBAL_ACCENT_COLOR_NAME = AccentColor;
				CODE_SIGN_ENTITLEMENTS = week1_personal/week1_personal.entitlements;
				CODE_SIGN_STYLE = Automatic;
				CURRENT_PROJECT_VERSION = 1;
				DEVELOPMENT_ASSET_PATHS = "\"week1_personal/Preview Content\"";
				ENABLE_PREVIEWS = YES;
				GENERATE_INFOPLIST_FILE = YES;
				"INFOPLIST_KEY_UIApplicationSceneManifest_Generation[sdk=iphoneos*]" = YES;
				"INFOPLIST_KEY_UIApplicationSceneManifest_Generation[sdk=iphonesimulator*]" = YES;
				"INFOPLIST_KEY_UIApplicationSupportsIndirectInputEvents[sdk=iphoneos*]" = YES;
				"INFOPLIST_KEY_UIApplicationSupportsIndirectInputEvents[sdk=iphonesimulator*]" = YES;
				"INFOPLIST_KEY_UILaunchScreen_Generation[sdk=iphoneos*]" = YES;
				"INFOPLIST_KEY_UILaunchScreen_Generation[sdk=iphonesimulator*]" = YES;
				"INFOPLIST_KEY_UIStatusBarStyle[sdk=iphoneos*]" = UIStatusBarStyleDefault;
				"INFOPLIST_KEY_UIStatusBarStyle[sdk=iphonesimulator*]" = UIStatusBarStyleDefault;
				INFOPLIST_KEY_UISupportedInterfaceOrientations_iPad = "UIInterfaceOrientationPortrait UIInterfaceOrientationPortraitUpsideDown UIInterfaceOrientationLandscapeLeft UIInterfaceOrientationLandscapeRight";
				INFOPLIST_KEY_UISupportedInterfaceOrientations_iPhone = "UIInterfaceOrientationPortrait UIInterfaceOrientationLandscapeLeft UIInterfaceOrientationLandscapeRight";
				IPHONEOS_DEPLOYMENT_TARGET = 17.0;
				LD_RUNPATH_SEARCH_PATHS = "@executable_path/Frameworks";
				"LD_RUNPATH_SEARCH_PATHS[sdk=macosx*]" = "@executable_path/../Frameworks";
				MACOSX_DEPLOYMENT_TARGET = 13.5;
				MARKETING_VERSION = 1.0;
				PRODUCT_BUNDLE_IDENTIFIER = "mycodeworks1.week1-personal";
				PRODUCT_NAME = "$(TARGET_NAME)";
				SDKROOT = auto;
				SUPPORTED_PLATFORMS = "iphoneos iphonesimulator macosx";
				SWIFT_EMIT_LOC_STRINGS = YES;
				SWIFT_VERSION = 5.0;
				TARGETED_DEVICE_FAMILY = "1,2";
			};
			name = Debug;
		};
		7A6F321D2AC3FD530010E84D /* Release */ = {
			isa = XCBuildConfiguration;
			buildSettings = {
				ASSETCATALOG_COMPILER_APPICON_NAME = AppIcon;
				ASSETCATALOG_COMPILER_GLOBAL_ACCENT_COLOR_NAME = AccentColor;
				CODE_SIGN_ENTITLEMENTS = week1_personal/week1_personal.entitlements;
				CODE_SIGN_STYLE = Automatic;
				CURRENT_PROJECT_VERSION = 1;
				DEVELOPMENT_ASSET_PATHS = "\"week1_personal/Preview Content\"";
				ENABLE_PREVIEWS = YES;
				GENERATE_INFOPLIST_FILE = YES;
				"INFOPLIST_KEY_UIApplicationSceneManifest_Generation[sdk=iphoneos*]" = YES;
				"INFOPLIST_KEY_UIApplicationSceneManifest_Generation[sdk=iphonesimulator*]" = YES;
				"INFOPLIST_KEY_UIApplicationSupportsIndirectInputEvents[sdk=iphoneos*]" = YES;
				"INFOPLIST_KEY_UIApplicationSupportsIndirectInputEvents[sdk=iphonesimulator*]" = YES;
				"INFOPLIST_KEY_UILaunchScreen_Generation[sdk=iphoneos*]" = YES;
				"INFOPLIST_KEY_UILaunchScreen_Generation[sdk=iphonesimulator*]" = YES;
				"INFOPLIST_KEY_UIStatusBarStyle[sdk=iphoneos*]" = UIStatusBarStyleDefault;
				"INFOPLIST_KEY_UIStatusBarStyle[sdk=iphonesimulator*]" = UIStatusBarStyleDefault;
				INFOPLIST_KEY_UISupportedInterfaceOrientations_iPad = "UIInterfaceOrientationPortrait UIInterfaceOrientationPortraitUpsideDown UIInterfaceOrientationLandscapeLeft UIInterfaceOrientationLandscapeRight";
				INFOPLIST_KEY_UISupportedInterfaceOrientations_iPhone = "UIInterfaceOrientationPortrait UIInterfaceOrientationLandscapeLeft UIInterfaceOrientationLandscapeRight";
				IPHONEOS_DEPLOYMENT_TARGET = 17.0;
				LD_RUNPATH_SEARCH_PATHS = "@executable_path/Frameworks";
				"LD_RUNPATH_SEARCH_PATHS[sdk=macosx*]" = "@executable_path/../Frameworks";
				MACOSX_DEPLOYMENT_TARGET = 13.5;
				MARKETING_VERSION = 1.0;
				PRODUCT_BUNDLE_IDENTIFIER = "mycodeworks1.week1-personal";
				PRODUCT_NAME = "$(TARGET_NAME)";
				SDKROOT = auto;
				SUPPORTED_PLATFORMS = "iphoneos iphonesimulator macosx";
				SWIFT_EMIT_LOC_STRINGS = YES;
				SWIFT_VERSION = 5.0;
				TARGETED_DEVICE_FAMILY = "1,2";
			};
			name = Release;
		};
		7A6F321F2AC3FD530010E84D /* Debug */ = {
			isa = XCBuildConfiguration;
			buildSettings = {
				ALWAYS_EMBED_SWIFT_STANDARD_LIBRARIES = YES;
				BUNDLE_LOADER = "$(TEST_HOST)";
				CODE_SIGN_STYLE = Automatic;
				CURRENT_PROJECT_VERSION = 1;
				GENERATE_INFOPLIST_FILE = YES;
				IPHONEOS_DEPLOYMENT_TARGET = 17.0;
				MACOSX_DEPLOYMENT_TARGET = 13.5;
				MARKETING_VERSION = 1.0;
				PRODUCT_BUNDLE_IDENTIFIER = "mycodeworks1.week1-personalTests";
				PRODUCT_NAME = "$(TARGET_NAME)";
				SDKROOT = auto;
				SUPPORTED_PLATFORMS = "iphoneos iphonesimulator macosx";
				SWIFT_EMIT_LOC_STRINGS = NO;
				SWIFT_VERSION = 5.0;
				TARGETED_DEVICE_FAMILY = "1,2";
				TEST_HOST = "$(BUILT_PRODUCTS_DIR)/week1_personal.app/$(BUNDLE_EXECUTABLE_FOLDER_PATH)/week1_personal";
			};
			name = Debug;
		};
		7A6F32202AC3FD530010E84D /* Release */ = {
			isa = XCBuildConfiguration;
			buildSettings = {
				ALWAYS_EMBED_SWIFT_STANDARD_LIBRARIES = YES;
				BUNDLE_LOADER = "$(TEST_HOST)";
				CODE_SIGN_STYLE = Automatic;
				CURRENT_PROJECT_VERSION = 1;
				GENERATE_INFOPLIST_FILE = YES;
				IPHONEOS_DEPLOYMENT_TARGET = 17.0;
				MACOSX_DEPLOYMENT_TARGET = 13.5;
				MARKETING_VERSION = 1.0;
				PRODUCT_BUNDLE_IDENTIFIER = "mycodeworks1.week1-personalTests";
				PRODUCT_NAME = "$(TARGET_NAME)";
				SDKROOT = auto;
				SUPPORTED_PLATFORMS = "iphoneos iphonesimulator macosx";
				SWIFT_EMIT_LOC_STRINGS = NO;
				SWIFT_VERSION = 5.0;
				TARGETED_DEVICE_FAMILY = "1,2";
				TEST_HOST = "$(BUILT_PRODUCTS_DIR)/week1_personal.app/$(BUNDLE_EXECUTABLE_FOLDER_PATH)/week1_personal";
			};
			name = Release;
		};
		7A6F32222AC3FD530010E84D /* Debug */ = {
			isa = XCBuildConfiguration;
			buildSettings = {
				ALWAYS_EMBED_SWIFT_STANDARD_LIBRARIES = YES;
				CODE_SIGN_STYLE = Automatic;
				CURRENT_PROJECT_VERSION = 1;
				GENERATE_INFOPLIST_FILE = YES;
				IPHONEOS_DEPLOYMENT_TARGET = 17.0;
				MACOSX_DEPLOYMENT_TARGET = 13.5;
				MARKETING_VERSION = 1.0;
				PRODUCT_BUNDLE_IDENTIFIER = "mycodeworks1.week1-personalUITests";
				PRODUCT_NAME = "$(TARGET_NAME)";
				SDKROOT = auto;
				SUPPORTED_PLATFORMS = "iphoneos iphonesimulator macosx";
				SWIFT_EMIT_LOC_STRINGS = NO;
				SWIFT_VERSION = 5.0;
				TARGETED_DEVICE_FAMILY = "1,2";
				TEST_TARGET_NAME = week1_personal;
			};
			name = Debug;
		};
		7A6F32232AC3FD530010E84D /* Release */ = {
			isa = XCBuildConfiguration;
			buildSettings = {
				ALWAYS_EMBED_SWIFT_STANDARD_LIBRARIES = YES;
				CODE_SIGN_STYLE = Automatic;
				CURRENT_PROJECT_VERSION = 1;
				GENERATE_INFOPLIST_FILE = YES;
				IPHONEOS_DEPLOYMENT_TARGET = 17.0;
				MACOSX_DEPLOYMENT_TARGET = 13.5;
				MARKETING_VERSION = 1.0;
				PRODUCT_BUNDLE_IDENTIFIER = "mycodeworks1.week1-personalUITests";
				PRODUCT_NAME = "$(TARGET_NAME)";
				SDKROOT = auto;
				SUPPORTED_PLATFORMS = "iphoneos iphonesimulator macosx";
				SWIFT_EMIT_LOC_STRINGS = NO;
				SWIFT_VERSION = 5.0;
				TARGETED_DEVICE_FAMILY = "1,2";
				TEST_TARGET_NAME = week1_personal;
			};
			name = Release;
		};
/* End XCBuildConfiguration section */

/* Begin XCConfigurationList section */
		7A6F31F12AC3FD510010E84D /* Build configuration list for PBXProject "week1_personal" */ = {
			isa = XCConfigurationList;
			buildConfigurations = (
				7A6F32192AC3FD530010E84D /* Debug */,
				7A6F321A2AC3FD530010E84D /* Release */,
			);
			defaultConfigurationIsVisible = 0;
			defaultConfigurationName = Release;
		};
		7A6F321B2AC3FD530010E84D /* Build configuration list for PBXNativeTarget "week1_personal" */ = {
			isa = XCConfigurationList;
			buildConfigurations = (
				7A6F321C2AC3FD530010E84D /* Debug */,
				7A6F321D2AC3FD530010E84D /* Release */,
			);
			defaultConfigurationIsVisible = 0;
			defaultConfigurationName = Release;
		};
		7A6F321E2AC3FD530010E84D /* Build configuration list for PBXNativeTarget "week1_personalTests" */ = {
			isa = XCConfigurationList;
			buildConfigurations = (
				7A6F321F2AC3FD530010E84D /* Debug */,
				7A6F32202AC3FD530010E84D /* Release */,
			);
			defaultConfigurationIsVisible = 0;
			defaultConfigurationName = Release;
		};
		7A6F32212AC3FD530010E84D /* Build configuration list for PBXNativeTarget "week1_personalUITests" */ = {
			isa = XCConfigurationList;
			buildConfigurations = (
				7A6F32222AC3FD530010E84D /* Debug */,
				7A6F32232AC3FD530010E84D /* Release */,
			);
			defaultConfigurationIsVisible = 0;
			defaultConfigurationName = Release;
		};
/* End XCConfigurationList section */
	};
	rootObject = 7A6F31EE2AC3FD510010E84D /* Project object */;
}
