// !$*UTF8*$!
{
	archiveVersion = 1;
	classes = {
	};
	objectVersion = 56;
	objects = {

/* Begin PBXBuildFile section */
		7A9BF63F2AF9CA1200924412 /* AppDelegate.swift in Sources */ = {isa = PBXBuildFile; fileRef = 7A9BF63E2AF9CA1200924412 /* AppDelegate.swift */; };
		7A9BF6412AF9CA1200924412 /* SceneDelegate.swift in Sources */ = {isa = PBXBuildFile; fileRef = 7A9BF6402AF9CA1200924412 /* SceneDelegate.swift */; };
		7A9BF6432AF9CA1200924412 /* ViewController.swift in Sources */ = {isa = PBXBuildFile; fileRef = 7A9BF6422AF9CA1200924412 /* ViewController.swift */; };
		7A9BF6462AF9CA1200924412 /* Main.storyboard in Resources */ = {isa = PBXBuildFile; fileRef = 7A9BF6442AF9CA1200924412 /* Main.storyboard */; };
		7A9BF6482AF9CA1300924412 /* Assets.xcassets in Resources */ = {isa = PBXBuildFile; fileRef = 7A9BF6472AF9CA1300924412 /* Assets.xcassets */; };
		7A9BF64B2AF9CA1300924412 /* LaunchScreen.storyboard in Resources */ = {isa = PBXBuildFile; fileRef = 7A9BF6492AF9CA1300924412 /* LaunchScreen.storyboard */; };
		7A9BF6562AF9CA1400924412 /* Week4_pTests.swift in Sources */ = {isa = PBXBuildFile; fileRef = 7A9BF6552AF9CA1400924412 /* Week4_pTests.swift */; };
		7A9BF6602AF9CA1400924412 /* Week4_pUITests.swift in Sources */ = {isa = PBXBuildFile; fileRef = 7A9BF65F2AF9CA1400924412 /* Week4_pUITests.swift */; };
		7A9BF6622AF9CA1400924412 /* Week4_pUITestsLaunchTests.swift in Sources */ = {isa = PBXBuildFile; fileRef = 7A9BF6612AF9CA1400924412 /* Week4_pUITestsLaunchTests.swift */; };
		7A9BF6ED2AFD353700924412 /* Model.swift in Sources */ = {isa = PBXBuildFile; fileRef = 7A9BF6EC2AFD353700924412 /* Model.swift */; };
		7A9BF6F02AFD356C00924412 /* firstCollectionTableViewCell.swift in Sources */ = {isa = PBXBuildFile; fileRef = 7A9BF6EE2AFD356C00924412 /* firstCollectionTableViewCell.swift */; };
		7A9BF6F12AFD356C00924412 /* firstCollectionTableViewCell.xib in Resources */ = {isa = PBXBuildFile; fileRef = 7A9BF6EF2AFD356C00924412 /* firstCollectionTableViewCell.xib */; };
		7A9BF6F82AFD3FFC00924412 /* firstCollectionViewCell.swift in Sources */ = {isa = PBXBuildFile; fileRef = 7A9BF6F62AFD3FFC00924412 /* firstCollectionViewCell.swift */; };
		7A9BF6F92AFD3FFC00924412 /* firstCollectionViewCell.xib in Resources */ = {isa = PBXBuildFile; fileRef = 7A9BF6F72AFD3FFC00924412 /* firstCollectionViewCell.xib */; };
/* End PBXBuildFile section */

/* Begin PBXContainerItemProxy section */
		7A9BF6522AF9CA1400924412 /* PBXContainerItemProxy */ = {
			isa = PBXContainerItemProxy;
			containerPortal = 7A9BF6332AF9CA1200924412 /* Project object */;
			proxyType = 1;
			remoteGlobalIDString = 7A9BF63A2AF9CA1200924412;
			remoteInfo = Week4_p;
		};
		7A9BF65C2AF9CA1400924412 /* PBXContainerItemProxy */ = {
			isa = PBXContainerItemProxy;
			containerPortal = 7A9BF6332AF9CA1200924412 /* Project object */;
			proxyType = 1;
			remoteGlobalIDString = 7A9BF63A2AF9CA1200924412;
			remoteInfo = Week4_p;
		};
/* End PBXContainerItemProxy section */

/* Begin PBXFileReference section */
		7A9BF63B2AF9CA1200924412 /* Week4_p.app */ = {isa = PBXFileReference; explicitFileType = wrapper.application; includeInIndex = 0; path = Week4_p.app; sourceTree = BUILT_PRODUCTS_DIR; };
		7A9BF63E2AF9CA1200924412 /* AppDelegate.swift */ = {isa = PBXFileReference; lastKnownFileType = sourcecode.swift; path = AppDelegate.swift; sourceTree = "<group>"; };
		7A9BF6402AF9CA1200924412 /* SceneDelegate.swift */ = {isa = PBXFileReference; lastKnownFileType = sourcecode.swift; path = SceneDelegate.swift; sourceTree = "<group>"; };
		7A9BF6422AF9CA1200924412 /* ViewController.swift */ = {isa = PBXFileReference; lastKnownFileType = sourcecode.swift; path = ViewController.swift; sourceTree = "<group>"; };
		7A9BF6452AF9CA1200924412 /* Base */ = {isa = PBXFileReference; lastKnownFileType = file.storyboard; name = Base; path = Base.lproj/Main.storyboard; sourceTree = "<group>"; };
		7A9BF6472AF9CA1300924412 /* Assets.xcassets */ = {isa = PBXFileReference; lastKnownFileType = folder.assetcatalog; path = Assets.xcassets; sourceTree = "<group>"; };
		7A9BF64A2AF9CA1300924412 /* Base */ = {isa = PBXFileReference; lastKnownFileType = file.storyboard; name = Base; path = Base.lproj/LaunchScreen.storyboard; sourceTree = "<group>"; };
		7A9BF64C2AF9CA1300924412 /* Info.plist */ = {isa = PBXFileReference; lastKnownFileType = text.plist.xml; path = Info.plist; sourceTree = "<group>"; };
		7A9BF6512AF9CA1400924412 /* Week4_pTests.xctest */ = {isa = PBXFileReference; explicitFileType = wrapper.cfbundle; includeInIndex = 0; path = Week4_pTests.xctest; sourceTree = BUILT_PRODUCTS_DIR; };
		7A9BF6552AF9CA1400924412 /* Week4_pTests.swift */ = {isa = PBXFileReference; lastKnownFileType = sourcecode.swift; path = Week4_pTests.swift; sourceTree = "<group>"; };
		7A9BF65B2AF9CA1400924412 /* Week4_pUITests.xctest */ = {isa = PBXFileReference; explicitFileType = wrapper.cfbundle; includeInIndex = 0; path = Week4_pUITests.xctest; sourceTree = BUILT_PRODUCTS_DIR; };
		7A9BF65F2AF9CA1400924412 /* Week4_pUITests.swift */ = {isa = PBXFileReference; lastKnownFileType = sourcecode.swift; path = Week4_pUITests.swift; sourceTree = "<group>"; };
		7A9BF6612AF9CA1400924412 /* Week4_pUITestsLaunchTests.swift */ = {isa = PBXFileReference; lastKnownFileType = sourcecode.swift; path = Week4_pUITestsLaunchTests.swift; sourceTree = "<group>"; };
		7A9BF6EC2AFD353700924412 /* Model.swift */ = {isa = PBXFileReference; lastKnownFileType = sourcecode.swift; path = Model.swift; sourceTree = "<group>"; };
		7A9BF6EE2AFD356C00924412 /* firstCollectionTableViewCell.swift */ = {isa = PBXFileReference; lastKnownFileType = sourcecode.swift; path = firstCollectionTableViewCell.swift; sourceTree = "<group>"; };
		7A9BF6EF2AFD356C00924412 /* firstCollectionTableViewCell.xib */ = {isa = PBXFileReference; lastKnownFileType = file.xib; path = firstCollectionTableViewCell.xib; sourceTree = "<group>"; };
		7A9BF6F62AFD3FFC00924412 /* firstCollectionViewCell.swift */ = {isa = PBXFileReference; lastKnownFileType = sourcecode.swift; path = firstCollectionViewCell.swift; sourceTree = "<group>"; };
		7A9BF6F72AFD3FFC00924412 /* firstCollectionViewCell.xib */ = {isa = PBXFileReference; lastKnownFileType = file.xib; path = firstCollectionViewCell.xib; sourceTree = "<group>"; };
/* End PBXFileReference section */

/* Begin PBXFrameworksBuildPhase section */
		7A9BF6382AF9CA1200924412 /* Frameworks */ = {
			isa = PBXFrameworksBuildPhase;
			buildActionMask = 2147483647;
			files = (
			);
			runOnlyForDeploymentPostprocessing = 0;
		};
		7A9BF64E2AF9CA1400924412 /* Frameworks */ = {
			isa = PBXFrameworksBuildPhase;
			buildActionMask = 2147483647;
			files = (
			);
			runOnlyForDeploymentPostprocessing = 0;
		};
		7A9BF6582AF9CA1400924412 /* Frameworks */ = {
			isa = PBXFrameworksBuildPhase;
			buildActionMask = 2147483647;
			files = (
			);
			runOnlyForDeploymentPostprocessing = 0;
		};
/* End PBXFrameworksBuildPhase section */

/* Begin PBXGroup section */
		7A9BF6322AF9CA1200924412 = {
			isa = PBXGroup;
			children = (
				7A9BF63D2AF9CA1200924412 /* Week4_p */,
				7A9BF6542AF9CA1400924412 /* Week4_pTests */,
				7A9BF65E2AF9CA1400924412 /* Week4_pUITests */,
				7A9BF63C2AF9CA1200924412 /* Products */,
			);
			sourceTree = "<group>";
		};
		7A9BF63C2AF9CA1200924412 /* Products */ = {
			isa = PBXGroup;
			children = (
				7A9BF63B2AF9CA1200924412 /* Week4_p.app */,
				7A9BF6512AF9CA1400924412 /* Week4_pTests.xctest */,
				7A9BF65B2AF9CA1400924412 /* Week4_pUITests.xctest */,
			);
			name = Products;
			sourceTree = "<group>";
		};
		7A9BF63D2AF9CA1200924412 /* Week4_p */ = {
			isa = PBXGroup;
			children = (
				7A9BF6EB2AFD350900924412 /* Model */,
				7A9BF6EA2AFD34F100924412 /* TableCell */,
				7A9BF6E92AFD34C900924412 /* CollectionCell */,
				7A9BF63E2AF9CA1200924412 /* AppDelegate.swift */,
				7A9BF6402AF9CA1200924412 /* SceneDelegate.swift */,
				7A9BF6422AF9CA1200924412 /* ViewController.swift */,
				7A9BF6442AF9CA1200924412 /* Main.storyboard */,
				7A9BF6472AF9CA1300924412 /* Assets.xcassets */,
				7A9BF6492AF9CA1300924412 /* LaunchScreen.storyboard */,
				7A9BF64C2AF9CA1300924412 /* Info.plist */,
			);
			path = Week4_p;
			sourceTree = "<group>";
		};
		7A9BF6542AF9CA1400924412 /* Week4_pTests */ = {
			isa = PBXGroup;
			children = (
				7A9BF6552AF9CA1400924412 /* Week4_pTests.swift */,
			);
			path = Week4_pTests;
			sourceTree = "<group>";
		};
		7A9BF65E2AF9CA1400924412 /* Week4_pUITests */ = {
			isa = PBXGroup;
			children = (
				7A9BF65F2AF9CA1400924412 /* Week4_pUITests.swift */,
				7A9BF6612AF9CA1400924412 /* Week4_pUITestsLaunchTests.swift */,
			);
			path = Week4_pUITests;
			sourceTree = "<group>";
		};
		7A9BF6E92AFD34C900924412 /* CollectionCell */ = {
			isa = PBXGroup;
			children = (
				7A9BF6F62AFD3FFC00924412 /* firstCollectionViewCell.swift */,
				7A9BF6F72AFD3FFC00924412 /* firstCollectionViewCell.xib */,
			);
			path = CollectionCell;
			sourceTree = "<group>";
		};
		7A9BF6EA2AFD34F100924412 /* TableCell */ = {
			isa = PBXGroup;
			children = (
				7A9BF6EE2AFD356C00924412 /* firstCollectionTableViewCell.swift */,
				7A9BF6EF2AFD356C00924412 /* firstCollectionTableViewCell.xib */,
			);
			path = TableCell;
			sourceTree = "<group>";
		};
		7A9BF6EB2AFD350900924412 /* Model */ = {
			isa = PBXGroup;
			children = (
				7A9BF6EC2AFD353700924412 /* Model.swift */,
			);
			path = Model;
			sourceTree = "<group>";
		};
/* End PBXGroup section */

/* Begin PBXNativeTarget section */
		7A9BF63A2AF9CA1200924412 /* Week4_p */ = {
			isa = PBXNativeTarget;
			buildConfigurationList = 7A9BF6652AF9CA1400924412 /* Build configuration list for PBXNativeTarget "Week4_p" */;
			buildPhases = (
				7A9BF6372AF9CA1200924412 /* Sources */,
				7A9BF6382AF9CA1200924412 /* Frameworks */,
				7A9BF6392AF9CA1200924412 /* Resources */,
			);
			buildRules = (
			);
			dependencies = (
			);
			name = Week4_p;
			productName = Week4_p;
			productReference = 7A9BF63B2AF9CA1200924412 /* Week4_p.app */;
			productType = "com.apple.product-type.application";
		};
		7A9BF6502AF9CA1400924412 /* Week4_pTests */ = {
			isa = PBXNativeTarget;
			buildConfigurationList = 7A9BF6682AF9CA1400924412 /* Build configuration list for PBXNativeTarget "Week4_pTests" */;
			buildPhases = (
				7A9BF64D2AF9CA1400924412 /* Sources */,
				7A9BF64E2AF9CA1400924412 /* Frameworks */,
				7A9BF64F2AF9CA1400924412 /* Resources */,
			);
			buildRules = (
			);
			dependencies = (
				7A9BF6532AF9CA1400924412 /* PBXTargetDependency */,
			);
			name = Week4_pTests;
			productName = Week4_pTests;
			productReference = 7A9BF6512AF9CA1400924412 /* Week4_pTests.xctest */;
			productType = "com.apple.product-type.bundle.unit-test";
		};
		7A9BF65A2AF9CA1400924412 /* Week4_pUITests */ = {
			isa = PBXNativeTarget;
			buildConfigurationList = 7A9BF66B2AF9CA1400924412 /* Build configuration list for PBXNativeTarget "Week4_pUITests" */;
			buildPhases = (
				7A9BF6572AF9CA1400924412 /* Sources */,
				7A9BF6582AF9CA1400924412 /* Frameworks */,
				7A9BF6592AF9CA1400924412 /* Resources */,
			);
			buildRules = (
			);
			dependencies = (
				7A9BF65D2AF9CA1400924412 /* PBXTargetDependency */,
			);
			name = Week4_pUITests;
			productName = Week4_pUITests;
			productReference = 7A9BF65B2AF9CA1400924412 /* Week4_pUITests.xctest */;
			productType = "com.apple.product-type.bundle.ui-testing";
		};
/* End PBXNativeTarget section */

/* Begin PBXProject section */
		7A9BF6332AF9CA1200924412 /* Project object */ = {
			isa = PBXProject;
			attributes = {
				BuildIndependentTargetsInParallel = 1;
				LastSwiftUpdateCheck = 1500;
				LastUpgradeCheck = 1500;
				TargetAttributes = {
					7A9BF63A2AF9CA1200924412 = {
						CreatedOnToolsVersion = 15.0.1;
					};
					7A9BF6502AF9CA1400924412 = {
						CreatedOnToolsVersion = 15.0.1;
						TestTargetID = 7A9BF63A2AF9CA1200924412;
					};
					7A9BF65A2AF9CA1400924412 = {
						CreatedOnToolsVersion = 15.0.1;
						TestTargetID = 7A9BF63A2AF9CA1200924412;
					};
				};
			};
			buildConfigurationList = 7A9BF6362AF9CA1200924412 /* Build configuration list for PBXProject "Week4_p" */;
			compatibilityVersion = "Xcode 14.0";
			developmentRegion = en;
			hasScannedForEncodings = 0;
			knownRegions = (
				en,
				Base,
			);
			mainGroup = 7A9BF6322AF9CA1200924412;
			productRefGroup = 7A9BF63C2AF9CA1200924412 /* Products */;
			projectDirPath = "";
			projectRoot = "";
			targets = (
				7A9BF63A2AF9CA1200924412 /* Week4_p */,
				7A9BF6502AF9CA1400924412 /* Week4_pTests */,
				7A9BF65A2AF9CA1400924412 /* Week4_pUITests */,
			);
		};
/* End PBXProject section */

/* Begin PBXResourcesBuildPhase section */
		7A9BF6392AF9CA1200924412 /* Resources */ = {
			isa = PBXResourcesBuildPhase;
			buildActionMask = 2147483647;
			files = (
				7A9BF6F12AFD356C00924412 /* firstCollectionTableViewCell.xib in Resources */,
				7A9BF64B2AF9CA1300924412 /* LaunchScreen.storyboard in Resources */,
				7A9BF6482AF9CA1300924412 /* Assets.xcassets in Resources */,
				7A9BF6F92AFD3FFC00924412 /* firstCollectionViewCell.xib in Resources */,
				7A9BF6462AF9CA1200924412 /* Main.storyboard in Resources */,
			);
			runOnlyForDeploymentPostprocessing = 0;
		};
		7A9BF64F2AF9CA1400924412 /* Resources */ = {
			isa = PBXResourcesBuildPhase;
			buildActionMask = 2147483647;
			files = (
			);
			runOnlyForDeploymentPostprocessing = 0;
		};
		7A9BF6592AF9CA1400924412 /* Resources */ = {
			isa = PBXResourcesBuildPhase;
			buildActionMask = 2147483647;
			files = (
			);
			runOnlyForDeploymentPostprocessing = 0;
		};
/* End PBXResourcesBuildPhase section */

/* Begin PBXSourcesBuildPhase section */
		7A9BF6372AF9CA1200924412 /* Sources */ = {
			isa = PBXSourcesBuildPhase;
			buildActionMask = 2147483647;
			files = (
				7A9BF6432AF9CA1200924412 /* ViewController.swift in Sources */,
				7A9BF63F2AF9CA1200924412 /* AppDelegate.swift in Sources */,
				7A9BF6412AF9CA1200924412 /* SceneDelegate.swift in Sources */,
				7A9BF6ED2AFD353700924412 /* Model.swift in Sources */,
				7A9BF6F02AFD356C00924412 /* firstCollectionTableViewCell.swift in Sources */,
				7A9BF6F82AFD3FFC00924412 /* firstCollectionViewCell.swift in Sources */,
			);
			runOnlyForDeploymentPostprocessing = 0;
		};
		7A9BF64D2AF9CA1400924412 /* Sources */ = {
			isa = PBXSourcesBuildPhase;
			buildActionMask = 2147483647;
			files = (
				7A9BF6562AF9CA1400924412 /* Week4_pTests.swift in Sources */,
			);
			runOnlyForDeploymentPostprocessing = 0;
		};
		7A9BF6572AF9CA1400924412 /* Sources */ = {
			isa = PBXSourcesBuildPhase;
			buildActionMask = 2147483647;
			files = (
				7A9BF6622AF9CA1400924412 /* Week4_pUITestsLaunchTests.swift in Sources */,
				7A9BF6602AF9CA1400924412 /* Week4_pUITests.swift in Sources */,
			);
			runOnlyForDeploymentPostprocessing = 0;
		};
/* End PBXSourcesBuildPhase section */

/* Begin PBXTargetDependency section */
		7A9BF6532AF9CA1400924412 /* PBXTargetDependency */ = {
			isa = PBXTargetDependency;
			target = 7A9BF63A2AF9CA1200924412 /* Week4_p */;
			targetProxy = 7A9BF6522AF9CA1400924412 /* PBXContainerItemProxy */;
		};
		7A9BF65D2AF9CA1400924412 /* PBXTargetDependency */ = {
			isa = PBXTargetDependency;
			target = 7A9BF63A2AF9CA1200924412 /* Week4_p */;
			targetProxy = 7A9BF65C2AF9CA1400924412 /* PBXContainerItemProxy */;
		};
/* End PBXTargetDependency section */

/* Begin PBXVariantGroup section */
		7A9BF6442AF9CA1200924412 /* Main.storyboard */ = {
			isa = PBXVariantGroup;
			children = (
				7A9BF6452AF9CA1200924412 /* Base */,
			);
			name = Main.storyboard;
			sourceTree = "<group>";
		};
		7A9BF6492AF9CA1300924412 /* LaunchScreen.storyboard */ = {
			isa = PBXVariantGroup;
			children = (
				7A9BF64A2AF9CA1300924412 /* Base */,
			);
			name = LaunchScreen.storyboard;
			sourceTree = "<group>";
		};
/* End PBXVariantGroup section */

/* Begin XCBuildConfiguration section */
		7A9BF6632AF9CA1400924412 /* Debug */ = {
			isa = XCBuildConfiguration;
			buildSettings = {
				ALWAYS_SEARCH_USER_PATHS = NO;
				ASSETCATALOG_COMPILER_GENERATE_SWIFT_ASSET_SYMBOL_EXTENSIONS = YES;
				CLANG_ANALYZER_NONNULL = YES;
				CLANG_ANALYZER_NUMBER_OBJECT_CONVERSION = YES_AGGRESSIVE;
				CLANG_CXX_LANGUAGE_STANDARD = "gnu++20";
				CLANG_ENABLE_MODULES = YES;
				CLANG_ENABLE_OBJC_ARC = YES;
				CLANG_ENABLE_OBJC_WEAK = YES;
				CLANG_WARN_BLOCK_CAPTURE_AUTORELEASING = YES;
				CLANG_WARN_BOOL_CONVERSION = YES;
				CLANG_WARN_COMMA = YES;
				CLANG_WARN_CONSTANT_CONVERSION = YES;
				CLANG_WARN_DEPRECATED_OBJC_IMPLEMENTATIONS = YES;
				CLANG_WARN_DIRECT_OBJC_ISA_USAGE = YES_ERROR;
				CLANG_WARN_DOCUMENTATION_COMMENTS = YES;
				CLANG_WARN_EMPTY_BODY = YES;
				CLANG_WARN_ENUM_CONVERSION = YES;
				CLANG_WARN_INFINITE_RECURSION = YES;
				CLANG_WARN_INT_CONVERSION = YES;
				CLANG_WARN_NON_LITERAL_NULL_CONVERSION = YES;
				CLANG_WARN_OBJC_IMPLICIT_RETAIN_SELF = YES;
				CLANG_WARN_OBJC_LITERAL_CONVERSION = YES;
				CLANG_WARN_OBJC_ROOT_CLASS = YES_ERROR;
				CLANG_WARN_QUOTED_INCLUDE_IN_FRAMEWORK_HEADER = YES;
				CLANG_WARN_RANGE_LOOP_ANALYSIS = YES;
				CLANG_WARN_STRICT_PROTOTYPES = YES;
				CLANG_WARN_SUSPICIOUS_MOVE = YES;
				CLANG_WARN_UNGUARDED_AVAILABILITY = YES_AGGRESSIVE;
				CLANG_WARN_UNREACHABLE_CODE = YES;
				CLANG_WARN__DUPLICATE_METHOD_MATCH = YES;
				COPY_PHASE_STRIP = NO;
				DEBUG_INFORMATION_FORMAT = dwarf;
				ENABLE_STRICT_OBJC_MSGSEND = YES;
				ENABLE_TESTABILITY = YES;
				ENABLE_USER_SCRIPT_SANDBOXING = YES;
				GCC_C_LANGUAGE_STANDARD = gnu17;
				GCC_DYNAMIC_NO_PIC = NO;
				GCC_NO_COMMON_BLOCKS = YES;
				GCC_OPTIMIZATION_LEVEL = 0;
				GCC_PREPROCESSOR_DEFINITIONS = (
					"DEBUG=1",
					"$(inherited)",
				);
				GCC_WARN_64_TO_32_BIT_CONVERSION = YES;
				GCC_WARN_ABOUT_RETURN_TYPE = YES_ERROR;
				GCC_WARN_UNDECLARED_SELECTOR = YES;
				GCC_WARN_UNINITIALIZED_AUTOS = YES_AGGRESSIVE;
				GCC_WARN_UNUSED_FUNCTION = YES;
				GCC_WARN_UNUSED_VARIABLE = YES;
				IPHONEOS_DEPLOYMENT_TARGET = 17.0;
				LOCALIZATION_PREFERS_STRING_CATALOGS = YES;
				MTL_ENABLE_DEBUG_INFO = INCLUDE_SOURCE;
				MTL_FAST_MATH = YES;
				ONLY_ACTIVE_ARCH = YES;
				SDKROOT = iphoneos;
				SWIFT_ACTIVE_COMPILATION_CONDITIONS = "DEBUG $(inherited)";
				SWIFT_OPTIMIZATION_LEVEL = "-Onone";
			};
			name = Debug;
		};
		7A9BF6642AF9CA1400924412 /* Release */ = {
			isa = XCBuildConfiguration;
			buildSettings = {
				ALWAYS_SEARCH_USER_PATHS = NO;
				ASSETCATALOG_COMPILER_GENERATE_SWIFT_ASSET_SYMBOL_EXTENSIONS = YES;
				CLANG_ANALYZER_NONNULL = YES;
				CLANG_ANALYZER_NUMBER_OBJECT_CONVERSION = YES_AGGRESSIVE;
				CLANG_CXX_LANGUAGE_STANDARD = "gnu++20";
				CLANG_ENABLE_MODULES = YES;
				CLANG_ENABLE_OBJC_ARC = YES;
				CLANG_ENABLE_OBJC_WEAK = YES;
				CLANG_WARN_BLOCK_CAPTURE_AUTORELEASING = YES;
				CLANG_WARN_BOOL_CONVERSION = YES;
				CLANG_WARN_COMMA = YES;
				CLANG_WARN_CONSTANT_CONVERSION = YES;
				CLANG_WARN_DEPRECATED_OBJC_IMPLEMENTATIONS = YES;
				CLANG_WARN_DIRECT_OBJC_ISA_USAGE = YES_ERROR;
				CLANG_WARN_DOCUMENTATION_COMMENTS = YES;
				CLANG_WARN_EMPTY_BODY = YES;
				CLANG_WARN_ENUM_CONVERSION = YES;
				CLANG_WARN_INFINITE_RECURSION = YES;
				CLANG_WARN_INT_CONVERSION = YES;
				CLANG_WARN_NON_LITERAL_NULL_CONVERSION = YES;
				CLANG_WARN_OBJC_IMPLICIT_RETAIN_SELF = YES;
				CLANG_WARN_OBJC_LITERAL_CONVERSION = YES;
				CLANG_WARN_OBJC_ROOT_CLASS = YES_ERROR;
				CLANG_WARN_QUOTED_INCLUDE_IN_FRAMEWORK_HEADER = YES;
				CLANG_WARN_RANGE_LOOP_ANALYSIS = YES;
				CLANG_WARN_STRICT_PROTOTYPES = YES;
				CLANG_WARN_SUSPICIOUS_MOVE = YES;
				CLANG_WARN_UNGUARDED_AVAILABILITY = YES_AGGRESSIVE;
				CLANG_WARN_UNREACHABLE_CODE = YES;
				CLANG_WARN__DUPLICATE_METHOD_MATCH = YES;
				COPY_PHASE_STRIP = NO;
				DEBUG_INFORMATION_FORMAT = "dwarf-with-dsym";
				ENABLE_NS_ASSERTIONS = NO;
				ENABLE_STRICT_OBJC_MSGSEND = YES;
				ENABLE_USER_SCRIPT_SANDBOXING = YES;
				GCC_C_LANGUAGE_STANDARD = gnu17;
				GCC_NO_COMMON_BLOCKS = YES;
				GCC_WARN_64_TO_32_BIT_CONVERSION = YES;
				GCC_WARN_ABOUT_RETURN_TYPE = YES_ERROR;
				GCC_WARN_UNDECLARED_SELECTOR = YES;
				GCC_WARN_UNINITIALIZED_AUTOS = YES_AGGRESSIVE;
				GCC_WARN_UNUSED_FUNCTION = YES;
				GCC_WARN_UNUSED_VARIABLE = YES;
				IPHONEOS_DEPLOYMENT_TARGET = 17.0;
				LOCALIZATION_PREFERS_STRING_CATALOGS = YES;
				MTL_ENABLE_DEBUG_INFO = NO;
				MTL_FAST_MATH = YES;
				SDKROOT = iphoneos;
				SWIFT_COMPILATION_MODE = wholemodule;
				VALIDATE_PRODUCT = YES;
			};
			name = Release;
		};
		7A9BF6662AF9CA1400924412 /* Debug */ = {
			isa = XCBuildConfiguration;
			buildSettings = {
				ASSETCATALOG_COMPILER_APPICON_NAME = AppIcon;
				ASSETCATALOG_COMPILER_GLOBAL_ACCENT_COLOR_NAME = AccentColor;
				CODE_SIGN_STYLE = Automatic;
				CURRENT_PROJECT_VERSION = 1;
				GENERATE_INFOPLIST_FILE = YES;
				INFOPLIST_FILE = Week4_p/Info.plist;
				INFOPLIST_KEY_UIApplicationSupportsIndirectInputEvents = YES;
				INFOPLIST_KEY_UILaunchStoryboardName = LaunchScreen;
				INFOPLIST_KEY_UIMainStoryboardFile = Main;
				INFOPLIST_KEY_UISupportedInterfaceOrientations_iPad = "UIInterfaceOrientationPortrait UIInterfaceOrientationPortraitUpsideDown UIInterfaceOrientationLandscapeLeft UIInterfaceOrientationLandscapeRight";
				INFOPLIST_KEY_UISupportedInterfaceOrientations_iPhone = "UIInterfaceOrientationPortrait UIInterfaceOrientationLandscapeLeft UIInterfaceOrientationLandscapeRight";
				LD_RUNPATH_SEARCH_PATHS = (
					"$(inherited)",
					"@executable_path/Frameworks",
				);
				MARKETING_VERSION = 1.0;
				PRODUCT_BUNDLE_IDENTIFIER = "softwarestudio2.Week4-p";
				PRODUCT_NAME = "$(TARGET_NAME)";
				SWIFT_EMIT_LOC_STRINGS = YES;
				SWIFT_VERSION = 5.0;
				TARGETED_DEVICE_FAMILY = "1,2";
			};
			name = Debug;
		};
		7A9BF6672AF9CA1400924412 /* Release */ = {
			isa = XCBuildConfiguration;
			buildSettings = {
				ASSETCATALOG_COMPILER_APPICON_NAME = AppIcon;
				ASSETCATALOG_COMPILER_GLOBAL_ACCENT_COLOR_NAME = AccentColor;
				CODE_SIGN_STYLE = Automatic;
				CURRENT_PROJECT_VERSION = 1;
				GENERATE_INFOPLIST_FILE = YES;
				INFOPLIST_FILE = Week4_p/Info.plist;
				INFOPLIST_KEY_UIApplicationSupportsIndirectInputEvents = YES;
				INFOPLIST_KEY_UILaunchStoryboardName = LaunchScreen;
				INFOPLIST_KEY_UIMainStoryboardFile = Main;
				INFOPLIST_KEY_UISupportedInterfaceOrientations_iPad = "UIInterfaceOrientationPortrait UIInterfaceOrientationPortraitUpsideDown UIInterfaceOrientationLandscapeLeft UIInterfaceOrientationLandscapeRight";
				INFOPLIST_KEY_UISupportedInterfaceOrientations_iPhone = "UIInterfaceOrientationPortrait UIInterfaceOrientationLandscapeLeft UIInterfaceOrientationLandscapeRight";
				LD_RUNPATH_SEARCH_PATHS = (
					"$(inherited)",
					"@executable_path/Frameworks",
				);
				MARKETING_VERSION = 1.0;
				PRODUCT_BUNDLE_IDENTIFIER = "softwarestudio2.Week4-p";
				PRODUCT_NAME = "$(TARGET_NAME)";
				SWIFT_EMIT_LOC_STRINGS = YES;
				SWIFT_VERSION = 5.0;
				TARGETED_DEVICE_FAMILY = "1,2";
			};
			name = Release;
		};
		7A9BF6692AF9CA1400924412 /* Debug */ = {
			isa = XCBuildConfiguration;
			buildSettings = {
				ALWAYS_EMBED_SWIFT_STANDARD_LIBRARIES = YES;
				BUNDLE_LOADER = "$(TEST_HOST)";
				CODE_SIGN_STYLE = Automatic;
				CURRENT_PROJECT_VERSION = 1;
				GENERATE_INFOPLIST_FILE = YES;
				IPHONEOS_DEPLOYMENT_TARGET = 17.0;
				MARKETING_VERSION = 1.0;
				PRODUCT_BUNDLE_IDENTIFIER = "softwarestudio2.Week4-pTests";
				PRODUCT_NAME = "$(TARGET_NAME)";
				SWIFT_EMIT_LOC_STRINGS = NO;
				SWIFT_VERSION = 5.0;
				TARGETED_DEVICE_FAMILY = "1,2";
				TEST_HOST = "$(BUILT_PRODUCTS_DIR)/Week4_p.app/$(BUNDLE_EXECUTABLE_FOLDER_PATH)/Week4_p";
			};
			name = Debug;
		};
		7A9BF66A2AF9CA1400924412 /* Release */ = {
			isa = XCBuildConfiguration;
			buildSettings = {
				ALWAYS_EMBED_SWIFT_STANDARD_LIBRARIES = YES;
				BUNDLE_LOADER = "$(TEST_HOST)";
				CODE_SIGN_STYLE = Automatic;
				CURRENT_PROJECT_VERSION = 1;
				GENERATE_INFOPLIST_FILE = YES;
				IPHONEOS_DEPLOYMENT_TARGET = 17.0;
				MARKETING_VERSION = 1.0;
				PRODUCT_BUNDLE_IDENTIFIER = "softwarestudio2.Week4-pTests";
				PRODUCT_NAME = "$(TARGET_NAME)";
				SWIFT_EMIT_LOC_STRINGS = NO;
				SWIFT_VERSION = 5.0;
				TARGETED_DEVICE_FAMILY = "1,2";
				TEST_HOST = "$(BUILT_PRODUCTS_DIR)/Week4_p.app/$(BUNDLE_EXECUTABLE_FOLDER_PATH)/Week4_p";
			};
			name = Release;
		};
		7A9BF66C2AF9CA1400924412 /* Debug */ = {
			isa = XCBuildConfiguration;
			buildSettings = {
				ALWAYS_EMBED_SWIFT_STANDARD_LIBRARIES = YES;
				CODE_SIGN_STYLE = Automatic;
				CURRENT_PROJECT_VERSION = 1;
				GENERATE_INFOPLIST_FILE = YES;
				MARKETING_VERSION = 1.0;
				PRODUCT_BUNDLE_IDENTIFIER = "softwarestudio2.Week4-pUITests";
				PRODUCT_NAME = "$(TARGET_NAME)";
				SWIFT_EMIT_LOC_STRINGS = NO;
				SWIFT_VERSION = 5.0;
				TARGETED_DEVICE_FAMILY = "1,2";
				TEST_TARGET_NAME = Week4_p;
			};
			name = Debug;
		};
		7A9BF66D2AF9CA1400924412 /* Release */ = {
			isa = XCBuildConfiguration;
			buildSettings = {
				ALWAYS_EMBED_SWIFT_STANDARD_LIBRARIES = YES;
				CODE_SIGN_STYLE = Automatic;
				CURRENT_PROJECT_VERSION = 1;
				GENERATE_INFOPLIST_FILE = YES;
				MARKETING_VERSION = 1.0;
				PRODUCT_BUNDLE_IDENTIFIER = "softwarestudio2.Week4-pUITests";
				PRODUCT_NAME = "$(TARGET_NAME)";
				SWIFT_EMIT_LOC_STRINGS = NO;
				SWIFT_VERSION = 5.0;
				TARGETED_DEVICE_FAMILY = "1,2";
				TEST_TARGET_NAME = Week4_p;
			};
			name = Release;
		};
/* End XCBuildConfiguration section */

/* Begin XCConfigurationList section */
		7A9BF6362AF9CA1200924412 /* Build configuration list for PBXProject "Week4_p" */ = {
			isa = XCConfigurationList;
			buildConfigurations = (
				7A9BF6632AF9CA1400924412 /* Debug */,
				7A9BF6642AF9CA1400924412 /* Release */,
			);
			defaultConfigurationIsVisible = 0;
			defaultConfigurationName = Release;
		};
		7A9BF6652AF9CA1400924412 /* Build configuration list for PBXNativeTarget "Week4_p" */ = {
			isa = XCConfigurationList;
			buildConfigurations = (
				7A9BF6662AF9CA1400924412 /* Debug */,
				7A9BF6672AF9CA1400924412 /* Release */,
			);
			defaultConfigurationIsVisible = 0;
			defaultConfigurationName = Release;
		};
		7A9BF6682AF9CA1400924412 /* Build configuration list for PBXNativeTarget "Week4_pTests" */ = {
			isa = XCConfigurationList;
			buildConfigurations = (
				7A9BF6692AF9CA1400924412 /* Debug */,
				7A9BF66A2AF9CA1400924412 /* Release */,
			);
			defaultConfigurationIsVisible = 0;
			defaultConfigurationName = Release;
		};
		7A9BF66B2AF9CA1400924412 /* Build configuration list for PBXNativeTarget "Week4_pUITests" */ = {
			isa = XCConfigurationList;
			buildConfigurations = (
				7A9BF66C2AF9CA1400924412 /* Debug */,
				7A9BF66D2AF9CA1400924412 /* Release */,
			);
			defaultConfigurationIsVisible = 0;
			defaultConfigurationName = Release;
		};
/* End XCConfigurationList section */
	};
	rootObject = 7A9BF6332AF9CA1200924412 /* Project object */;
}
