// !$*UTF8*$!
{
	archiveVersion = 1;
	classes = {
	};
	objectVersion = 56;
	objects = {

/* Begin PBXBuildFile section */
		7A9BF67B2AF9CA9D00924412 /* AppDelegate.swift in Sources */ = {isa = PBXBuildFile; fileRef = 7A9BF67A2AF9CA9D00924412 /* AppDelegate.swift */; };
		7A9BF67D2AF9CA9D00924412 /* SceneDelegate.swift in Sources */ = {isa = PBXBuildFile; fileRef = 7A9BF67C2AF9CA9D00924412 /* SceneDelegate.swift */; };
		7A9BF67F2AF9CA9D00924412 /* ViewController.swift in Sources */ = {isa = PBXBuildFile; fileRef = 7A9BF67E2AF9CA9D00924412 /* ViewController.swift */; };
		7A9BF6822AF9CA9D00924412 /* Main.storyboard in Resources */ = {isa = PBXBuildFile; fileRef = 7A9BF6802AF9CA9D00924412 /* Main.storyboard */; };
		7A9BF6842AF9CA9E00924412 /* Assets.xcassets in Resources */ = {isa = PBXBuildFile; fileRef = 7A9BF6832AF9CA9E00924412 /* Assets.xcassets */; };
		7A9BF6872AF9CA9E00924412 /* LaunchScreen.storyboard in Resources */ = {isa = PBXBuildFile; fileRef = 7A9BF6852AF9CA9E00924412 /* LaunchScreen.storyboard */; };
		7A9BF6922AF9CA9E00924412 /* week4_teamTests.swift in Sources */ = {isa = PBXBuildFile; fileRef = 7A9BF6912AF9CA9E00924412 /* week4_teamTests.swift */; };
		7A9BF69C2AF9CA9E00924412 /* week4_teamUITests.swift in Sources */ = {isa = PBXBuildFile; fileRef = 7A9BF69B2AF9CA9E00924412 /* week4_teamUITests.swift */; };
		7A9BF69E2AF9CA9E00924412 /* week4_teamUITestsLaunchTests.swift in Sources */ = {isa = PBXBuildFile; fileRef = 7A9BF69D2AF9CA9E00924412 /* week4_teamUITestsLaunchTests.swift */; };
/* End PBXBuildFile section */

/* Begin PBXContainerItemProxy section */
		7A9BF68E2AF9CA9E00924412 /* PBXContainerItemProxy */ = {
			isa = PBXContainerItemProxy;
			containerPortal = 7A9BF66F2AF9CA9D00924412 /* Project object */;
			proxyType = 1;
			remoteGlobalIDString = 7A9BF6762AF9CA9D00924412;
			remoteInfo = week4_team;
		};
		7A9BF6982AF9CA9E00924412 /* PBXContainerItemProxy */ = {
			isa = PBXContainerItemProxy;
			containerPortal = 7A9BF66F2AF9CA9D00924412 /* Project object */;
			proxyType = 1;
			remoteGlobalIDString = 7A9BF6762AF9CA9D00924412;
			remoteInfo = week4_team;
		};
/* End PBXContainerItemProxy section */

/* Begin PBXFileReference section */
		7A9BF6772AF9CA9D00924412 /* week4_team.app */ = {isa = PBXFileReference; explicitFileType = wrapper.application; includeInIndex = 0; path = week4_team.app; sourceTree = BUILT_PRODUCTS_DIR; };
		7A9BF67A2AF9CA9D00924412 /* AppDelegate.swift */ = {isa = PBXFileReference; lastKnownFileType = sourcecode.swift; path = AppDelegate.swift; sourceTree = "<group>"; };
		7A9BF67C2AF9CA9D00924412 /* SceneDelegate.swift */ = {isa = PBXFileReference; lastKnownFileType = sourcecode.swift; path = SceneDelegate.swift; sourceTree = "<group>"; };
		7A9BF67E2AF9CA9D00924412 /* ViewController.swift */ = {isa = PBXFileReference; lastKnownFileType = sourcecode.swift; path = ViewController.swift; sourceTree = "<group>"; };
		7A9BF6812AF9CA9D00924412 /* Base */ = {isa = PBXFileReference; lastKnownFileType = file.storyboard; name = Base; path = Base.lproj/Main.storyboard; sourceTree = "<group>"; };
		7A9BF6832AF9CA9E00924412 /* Assets.xcassets */ = {isa = PBXFileReference; lastKnownFileType = folder.assetcatalog; path = Assets.xcassets; sourceTree = "<group>"; };
		7A9BF6862AF9CA9E00924412 /* Base */ = {isa = PBXFileReference; lastKnownFileType = file.storyboard; name = Base; path = Base.lproj/LaunchScreen.storyboard; sourceTree = "<group>"; };
		7A9BF6882AF9CA9E00924412 /* Info.plist */ = {isa = PBXFileReference; lastKnownFileType = text.plist.xml; path = Info.plist; sourceTree = "<group>"; };
		7A9BF68D2AF9CA9E00924412 /* week4_teamTests.xctest */ = {isa = PBXFileReference; explicitFileType = wrapper.cfbundle; includeInIndex = 0; path = week4_teamTests.xctest; sourceTree = BUILT_PRODUCTS_DIR; };
		7A9BF6912AF9CA9E00924412 /* week4_teamTests.swift */ = {isa = PBXFileReference; lastKnownFileType = sourcecode.swift; path = week4_teamTests.swift; sourceTree = "<group>"; };
		7A9BF6972AF9CA9E00924412 /* week4_teamUITests.xctest */ = {isa = PBXFileReference; explicitFileType = wrapper.cfbundle; includeInIndex = 0; path = week4_teamUITests.xctest; sourceTree = BUILT_PRODUCTS_DIR; };
		7A9BF69B2AF9CA9E00924412 /* week4_teamUITests.swift */ = {isa = PBXFileReference; lastKnownFileType = sourcecode.swift; path = week4_teamUITests.swift; sourceTree = "<group>"; };
		7A9BF69D2AF9CA9E00924412 /* week4_teamUITestsLaunchTests.swift */ = {isa = PBXFileReference; lastKnownFileType = sourcecode.swift; path = week4_teamUITestsLaunchTests.swift; sourceTree = "<group>"; };
/* End PBXFileReference section */

/* Begin PBXFrameworksBuildPhase section */
		7A9BF6742AF9CA9D00924412 /* Frameworks */ = {
			isa = PBXFrameworksBuildPhase;
			buildActionMask = 2147483647;
			files = (
			);
			runOnlyForDeploymentPostprocessing = 0;
		};
		7A9BF68A2AF9CA9E00924412 /* Frameworks */ = {
			isa = PBXFrameworksBuildPhase;
			buildActionMask = 2147483647;
			files = (
			);
			runOnlyForDeploymentPostprocessing = 0;
		};
		7A9BF6942AF9CA9E00924412 /* Frameworks */ = {
			isa = PBXFrameworksBuildPhase;
			buildActionMask = 2147483647;
			files = (
			);
			runOnlyForDeploymentPostprocessing = 0;
		};
/* End PBXFrameworksBuildPhase section */

/* Begin PBXGroup section */
		7A9BF66E2AF9CA9D00924412 = {
			isa = PBXGroup;
			children = (
				7A9BF6792AF9CA9D00924412 /* week4_team */,
				7A9BF6902AF9CA9E00924412 /* week4_teamTests */,
				7A9BF69A2AF9CA9E00924412 /* week4_teamUITests */,
				7A9BF6782AF9CA9D00924412 /* Products */,
			);
			sourceTree = "<group>";
		};
		7A9BF6782AF9CA9D00924412 /* Products */ = {
			isa = PBXGroup;
			children = (
				7A9BF6772AF9CA9D00924412 /* week4_team.app */,
				7A9BF68D2AF9CA9E00924412 /* week4_teamTests.xctest */,
				7A9BF6972AF9CA9E00924412 /* week4_teamUITests.xctest */,
			);
			name = Products;
			sourceTree = "<group>";
		};
		7A9BF6792AF9CA9D00924412 /* week4_team */ = {
			isa = PBXGroup;
			children = (
				7A9BF67A2AF9CA9D00924412 /* AppDelegate.swift */,
				7A9BF67C2AF9CA9D00924412 /* SceneDelegate.swift */,
				7A9BF67E2AF9CA9D00924412 /* ViewController.swift */,
				7A9BF6802AF9CA9D00924412 /* Main.storyboard */,
				7A9BF6832AF9CA9E00924412 /* Assets.xcassets */,
				7A9BF6852AF9CA9E00924412 /* LaunchScreen.storyboard */,
				7A9BF6882AF9CA9E00924412 /* Info.plist */,
			);
			path = week4_team;
			sourceTree = "<group>";
		};
		7A9BF6902AF9CA9E00924412 /* week4_teamTests */ = {
			isa = PBXGroup;
			children = (
				7A9BF6912AF9CA9E00924412 /* week4_teamTests.swift */,
			);
			path = week4_teamTests;
			sourceTree = "<group>";
		};
		7A9BF69A2AF9CA9E00924412 /* week4_teamUITests */ = {
			isa = PBXGroup;
			children = (
				7A9BF69B2AF9CA9E00924412 /* week4_teamUITests.swift */,
				7A9BF69D2AF9CA9E00924412 /* week4_teamUITestsLaunchTests.swift */,
			);
			path = week4_teamUITests;
			sourceTree = "<group>";
		};
/* End PBXGroup section */

/* Begin PBXNativeTarget section */
		7A9BF6762AF9CA9D00924412 /* week4_team */ = {
			isa = PBXNativeTarget;
			buildConfigurationList = 7A9BF6A12AF9CA9E00924412 /* Build configuration list for PBXNativeTarget "week4_team" */;
			buildPhases = (
				7A9BF6732AF9CA9D00924412 /* Sources */,
				7A9BF6742AF9CA9D00924412 /* Frameworks */,
				7A9BF6752AF9CA9D00924412 /* Resources */,
			);
			buildRules = (
			);
			dependencies = (
			);
			name = week4_team;
			productName = week4_team;
			productReference = 7A9BF6772AF9CA9D00924412 /* week4_team.app */;
			productType = "com.apple.product-type.application";
		};
		7A9BF68C2AF9CA9E00924412 /* week4_teamTests */ = {
			isa = PBXNativeTarget;
			buildConfigurationList = 7A9BF6A42AF9CA9E00924412 /* Build configuration list for PBXNativeTarget "week4_teamTests" */;
			buildPhases = (
				7A9BF6892AF9CA9E00924412 /* Sources */,
				7A9BF68A2AF9CA9E00924412 /* Frameworks */,
				7A9BF68B2AF9CA9E00924412 /* Resources */,
			);
			buildRules = (
			);
			dependencies = (
				7A9BF68F2AF9CA9E00924412 /* PBXTargetDependency */,
			);
			name = week4_teamTests;
			productName = week4_teamTests;
			productReference = 7A9BF68D2AF9CA9E00924412 /* week4_teamTests.xctest */;
			productType = "com.apple.product-type.bundle.unit-test";
		};
		7A9BF6962AF9CA9E00924412 /* week4_teamUITests */ = {
			isa = PBXNativeTarget;
			buildConfigurationList = 7A9BF6A72AF9CA9E00924412 /* Build configuration list for PBXNativeTarget "week4_teamUITests" */;
			buildPhases = (
				7A9BF6932AF9CA9E00924412 /* Sources */,
				7A9BF6942AF9CA9E00924412 /* Frameworks */,
				7A9BF6952AF9CA9E00924412 /* Resources */,
			);
			buildRules = (
			);
			dependencies = (
				7A9BF6992AF9CA9E00924412 /* PBXTargetDependency */,
			);
			name = week4_teamUITests;
			productName = week4_teamUITests;
			productReference = 7A9BF6972AF9CA9E00924412 /* week4_teamUITests.xctest */;
			productType = "com.apple.product-type.bundle.ui-testing";
		};
/* End PBXNativeTarget section */

/* Begin PBXProject section */
		7A9BF66F2AF9CA9D00924412 /* Project object */ = {
			isa = PBXProject;
			attributes = {
				BuildIndependentTargetsInParallel = 1;
				LastSwiftUpdateCheck = 1500;
				LastUpgradeCheck = 1500;
				TargetAttributes = {
					7A9BF6762AF9CA9D00924412 = {
						CreatedOnToolsVersion = 15.0.1;
					};
					7A9BF68C2AF9CA9E00924412 = {
						CreatedOnToolsVersion = 15.0.1;
						TestTargetID = 7A9BF6762AF9CA9D00924412;
					};
					7A9BF6962AF9CA9E00924412 = {
						CreatedOnToolsVersion = 15.0.1;
						TestTargetID = 7A9BF6762AF9CA9D00924412;
					};
				};
			};
			buildConfigurationList = 7A9BF6722AF9CA9D00924412 /* Build configuration list for PBXProject "week4_team" */;
			compatibilityVersion = "Xcode 14.0";
			developmentRegion = en;
			hasScannedForEncodings = 0;
			knownRegions = (
				en,
				Base,
			);
			mainGroup = 7A9BF66E2AF9CA9D00924412;
			productRefGroup = 7A9BF6782AF9CA9D00924412 /* Products */;
			projectDirPath = "";
			projectRoot = "";
			targets = (
				7A9BF6762AF9CA9D00924412 /* week4_team */,
				7A9BF68C2AF9CA9E00924412 /* week4_teamTests */,
				7A9BF6962AF9CA9E00924412 /* week4_teamUITests */,
			);
		};
/* End PBXProject section */

/* Begin PBXResourcesBuildPhase section */
		7A9BF6752AF9CA9D00924412 /* Resources */ = {
			isa = PBXResourcesBuildPhase;
			buildActionMask = 2147483647;
			files = (
				7A9BF6872AF9CA9E00924412 /* LaunchScreen.storyboard in Resources */,
				7A9BF6842AF9CA9E00924412 /* Assets.xcassets in Resources */,
				7A9BF6822AF9CA9D00924412 /* Main.storyboard in Resources */,
			);
			runOnlyForDeploymentPostprocessing = 0;
		};
		7A9BF68B2AF9CA9E00924412 /* Resources */ = {
			isa = PBXResourcesBuildPhase;
			buildActionMask = 2147483647;
			files = (
			);
			runOnlyForDeploymentPostprocessing = 0;
		};
		7A9BF6952AF9CA9E00924412 /* Resources */ = {
			isa = PBXResourcesBuildPhase;
			buildActionMask = 2147483647;
			files = (
			);
			runOnlyForDeploymentPostprocessing = 0;
		};
/* End PBXResourcesBuildPhase section */

/* Begin PBXSourcesBuildPhase section */
		7A9BF6732AF9CA9D00924412 /* Sources */ = {
			isa = PBXSourcesBuildPhase;
			buildActionMask = 2147483647;
			files = (
				7A9BF67F2AF9CA9D00924412 /* ViewController.swift in Sources */,
				7A9BF67B2AF9CA9D00924412 /* AppDelegate.swift in Sources */,
				7A9BF67D2AF9CA9D00924412 /* SceneDelegate.swift in Sources */,
			);
			runOnlyForDeploymentPostprocessing = 0;
		};
		7A9BF6892AF9CA9E00924412 /* Sources */ = {
			isa = PBXSourcesBuildPhase;
			buildActionMask = 2147483647;
			files = (
				7A9BF6922AF9CA9E00924412 /* week4_teamTests.swift in Sources */,
			);
			runOnlyForDeploymentPostprocessing = 0;
		};
		7A9BF6932AF9CA9E00924412 /* Sources */ = {
			isa = PBXSourcesBuildPhase;
			buildActionMask = 2147483647;
			files = (
				7A9BF69E2AF9CA9E00924412 /* week4_teamUITestsLaunchTests.swift in Sources */,
				7A9BF69C2AF9CA9E00924412 /* week4_teamUITests.swift in Sources */,
			);
			runOnlyForDeploymentPostprocessing = 0;
		};
/* End PBXSourcesBuildPhase section */

/* Begin PBXTargetDependency section */
		7A9BF68F2AF9CA9E00924412 /* PBXTargetDependency */ = {
			isa = PBXTargetDependency;
			target = 7A9BF6762AF9CA9D00924412 /* week4_team */;
			targetProxy = 7A9BF68E2AF9CA9E00924412 /* PBXContainerItemProxy */;
		};
		7A9BF6992AF9CA9E00924412 /* PBXTargetDependency */ = {
			isa = PBXTargetDependency;
			target = 7A9BF6762AF9CA9D00924412 /* week4_team */;
			targetProxy = 7A9BF6982AF9CA9E00924412 /* PBXContainerItemProxy */;
		};
/* End PBXTargetDependency section */

/* Begin PBXVariantGroup section */
		7A9BF6802AF9CA9D00924412 /* Main.storyboard */ = {
			isa = PBXVariantGroup;
			children = (
				7A9BF6812AF9CA9D00924412 /* Base */,
			);
			name = Main.storyboard;
			sourceTree = "<group>";
		};
		7A9BF6852AF9CA9E00924412 /* LaunchScreen.storyboard */ = {
			isa = PBXVariantGroup;
			children = (
				7A9BF6862AF9CA9E00924412 /* Base */,
			);
			name = LaunchScreen.storyboard;
			sourceTree = "<group>";
		};
/* End PBXVariantGroup section */

/* Begin XCBuildConfiguration section */
		7A9BF69F2AF9CA9E00924412 /* Debug */ = {
			isa = XCBuildConfiguration;
			buildSettings = {
				ALWAYS_SEARCH_USER_PATHS = NO;
				ASSETCATALOG_COMPILER_GENERATE_SWIFT_ASSET_SYMBOL_EXTENSIONS = YES;
				CLANG_ANALYZER_NONNULL = YES;
				CLANG_ANALYZER_NUMBER_OBJECT_CONVERSION = YES_AGGRESSIVE;
				CLANG_CXX_LANGUAGE_STANDARD = "gnu++20";
				CLANG_ENABLE_MODULES = YES;
				CLANG_ENABLE_OBJC_ARC = YES;
				CLANG_ENABLE_OBJC_WEAK = YES;
				CLANG_WARN_BLOCK_CAPTURE_AUTORELEASING = YES;
				CLANG_WARN_BOOL_CONVERSION = YES;
				CLANG_WARN_COMMA = YES;
				CLANG_WARN_CONSTANT_CONVERSION = YES;
				CLANG_WARN_DEPRECATED_OBJC_IMPLEMENTATIONS = YES;
				CLANG_WARN_DIRECT_OBJC_ISA_USAGE = YES_ERROR;
				CLANG_WARN_DOCUMENTATION_COMMENTS = YES;
				CLANG_WARN_EMPTY_BODY = YES;
				CLANG_WARN_ENUM_CONVERSION = YES;
				CLANG_WARN_INFINITE_RECURSION = YES;
				CLANG_WARN_INT_CONVERSION = YES;
				CLANG_WARN_NON_LITERAL_NULL_CONVERSION = YES;
				CLANG_WARN_OBJC_IMPLICIT_RETAIN_SELF = YES;
				CLANG_WARN_OBJC_LITERAL_CONVERSION = YES;
				CLANG_WARN_OBJC_ROOT_CLASS = YES_ERROR;
				CLANG_WARN_QUOTED_INCLUDE_IN_FRAMEWORK_HEADER = YES;
				CLANG_WARN_RANGE_LOOP_ANALYSIS = YES;
				CLANG_WARN_STRICT_PROTOTYPES = YES;
				CLANG_WARN_SUSPICIOUS_MOVE = YES;
				CLANG_WARN_UNGUARDED_AVAILABILITY = YES_AGGRESSIVE;
				CLANG_WARN_UNREACHABLE_CODE = YES;
				CLANG_WARN__DUPLICATE_METHOD_MATCH = YES;
				COPY_PHASE_STRIP = NO;
				DEBUG_INFORMATION_FORMAT = dwarf;
				ENABLE_STRICT_OBJC_MSGSEND = YES;
				ENABLE_TESTABILITY = YES;
				ENABLE_USER_SCRIPT_SANDBOXING = YES;
				GCC_C_LANGUAGE_STANDARD = gnu17;
				GCC_DYNAMIC_NO_PIC = NO;
				GCC_NO_COMMON_BLOCKS = YES;
				GCC_OPTIMIZATION_LEVEL = 0;
				GCC_PREPROCESSOR_DEFINITIONS = (
					"DEBUG=1",
					"$(inherited)",
				);
				GCC_WARN_64_TO_32_BIT_CONVERSION = YES;
				GCC_WARN_ABOUT_RETURN_TYPE = YES_ERROR;
				GCC_WARN_UNDECLARED_SELECTOR = YES;
				GCC_WARN_UNINITIALIZED_AUTOS = YES_AGGRESSIVE;
				GCC_WARN_UNUSED_FUNCTION = YES;
				GCC_WARN_UNUSED_VARIABLE = YES;
				IPHONEOS_DEPLOYMENT_TARGET = 17.0;
				LOCALIZATION_PREFERS_STRING_CATALOGS = YES;
				MTL_ENABLE_DEBUG_INFO = INCLUDE_SOURCE;
				MTL_FAST_MATH = YES;
				ONLY_ACTIVE_ARCH = YES;
				SDKROOT = iphoneos;
				SWIFT_ACTIVE_COMPILATION_CONDITIONS = "DEBUG $(inherited)";
				SWIFT_OPTIMIZATION_LEVEL = "-Onone";
			};
			name = Debug;
		};
		7A9BF6A02AF9CA9E00924412 /* Release */ = {
			isa = XCBuildConfiguration;
			buildSettings = {
				ALWAYS_SEARCH_USER_PATHS = NO;
				ASSETCATALOG_COMPILER_GENERATE_SWIFT_ASSET_SYMBOL_EXTENSIONS = YES;
				CLANG_ANALYZER_NONNULL = YES;
				CLANG_ANALYZER_NUMBER_OBJECT_CONVERSION = YES_AGGRESSIVE;
				CLANG_CXX_LANGUAGE_STANDARD = "gnu++20";
				CLANG_ENABLE_MODULES = YES;
				CLANG_ENABLE_OBJC_ARC = YES;
				CLANG_ENABLE_OBJC_WEAK = YES;
				CLANG_WARN_BLOCK_CAPTURE_AUTORELEASING = YES;
				CLANG_WARN_BOOL_CONVERSION = YES;
				CLANG_WARN_COMMA = YES;
				CLANG_WARN_CONSTANT_CONVERSION = YES;
				CLANG_WARN_DEPRECATED_OBJC_IMPLEMENTATIONS = YES;
				CLANG_WARN_DIRECT_OBJC_ISA_USAGE = YES_ERROR;
				CLANG_WARN_DOCUMENTATION_COMMENTS = YES;
				CLANG_WARN_EMPTY_BODY = YES;
				CLANG_WARN_ENUM_CONVERSION = YES;
				CLANG_WARN_INFINITE_RECURSION = YES;
				CLANG_WARN_INT_CONVERSION = YES;
				CLANG_WARN_NON_LITERAL_NULL_CONVERSION = YES;
				CLANG_WARN_OBJC_IMPLICIT_RETAIN_SELF = YES;
				CLANG_WARN_OBJC_LITERAL_CONVERSION = YES;
				CLANG_WARN_OBJC_ROOT_CLASS = YES_ERROR;
				CLANG_WARN_QUOTED_INCLUDE_IN_FRAMEWORK_HEADER = YES;
				CLANG_WARN_RANGE_LOOP_ANALYSIS = YES;
				CLANG_WARN_STRICT_PROTOTYPES = YES;
				CLANG_WARN_SUSPICIOUS_MOVE = YES;
				CLANG_WARN_UNGUARDED_AVAILABILITY = YES_AGGRESSIVE;
				CLANG_WARN_UNREACHABLE_CODE = YES;
				CLANG_WARN__DUPLICATE_METHOD_MATCH = YES;
				COPY_PHASE_STRIP = NO;
				DEBUG_INFORMATION_FORMAT = "dwarf-with-dsym";
				ENABLE_NS_ASSERTIONS = NO;
				ENABLE_STRICT_OBJC_MSGSEND = YES;
				ENABLE_USER_SCRIPT_SANDBOXING = YES;
				GCC_C_LANGUAGE_STANDARD = gnu17;
				GCC_NO_COMMON_BLOCKS = YES;
				GCC_WARN_64_TO_32_BIT_CONVERSION = YES;
				GCC_WARN_ABOUT_RETURN_TYPE = YES_ERROR;
				GCC_WARN_UNDECLARED_SELECTOR = YES;
				GCC_WARN_UNINITIALIZED_AUTOS = YES_AGGRESSIVE;
				GCC_WARN_UNUSED_FUNCTION = YES;
				GCC_WARN_UNUSED_VARIABLE = YES;
				IPHONEOS_DEPLOYMENT_TARGET = 17.0;
				LOCALIZATION_PREFERS_STRING_CATALOGS = YES;
				MTL_ENABLE_DEBUG_INFO = NO;
				MTL_FAST_MATH = YES;
				SDKROOT = iphoneos;
				SWIFT_COMPILATION_MODE = wholemodule;
				VALIDATE_PRODUCT = YES;
			};
			name = Release;
		};
		7A9BF6A22AF9CA9E00924412 /* Debug */ = {
			isa = XCBuildConfiguration;
			buildSettings = {
				ASSETCATALOG_COMPILER_APPICON_NAME = AppIcon;
				ASSETCATALOG_COMPILER_GLOBAL_ACCENT_COLOR_NAME = AccentColor;
				CODE_SIGN_STYLE = Automatic;
				CURRENT_PROJECT_VERSION = 1;
				GENERATE_INFOPLIST_FILE = YES;
				INFOPLIST_FILE = week4_team/Info.plist;
				INFOPLIST_KEY_UIApplicationSupportsIndirectInputEvents = YES;
				INFOPLIST_KEY_UILaunchStoryboardName = LaunchScreen;
				INFOPLIST_KEY_UIMainStoryboardFile = Main;
				INFOPLIST_KEY_UISupportedInterfaceOrientations_iPad = "UIInterfaceOrientationPortrait UIInterfaceOrientationPortraitUpsideDown UIInterfaceOrientationLandscapeLeft UIInterfaceOrientationLandscapeRight";
				INFOPLIST_KEY_UISupportedInterfaceOrientations_iPhone = "UIInterfaceOrientationPortrait UIInterfaceOrientationLandscapeLeft UIInterfaceOrientationLandscapeRight";
				LD_RUNPATH_SEARCH_PATHS = (
					"$(inherited)",
					"@executable_path/Frameworks",
				);
				MARKETING_VERSION = 1.0;
				PRODUCT_BUNDLE_IDENTIFIER = "softwarestudio2.week4-team";
				PRODUCT_NAME = "$(TARGET_NAME)";
				SWIFT_EMIT_LOC_STRINGS = YES;
				SWIFT_VERSION = 5.0;
				TARGETED_DEVICE_FAMILY = "1,2";
			};
			name = Debug;
		};
		7A9BF6A32AF9CA9E00924412 /* Release */ = {
			isa = XCBuildConfiguration;
			buildSettings = {
				ASSETCATALOG_COMPILER_APPICON_NAME = AppIcon;
				ASSETCATALOG_COMPILER_GLOBAL_ACCENT_COLOR_NAME = AccentColor;
				CODE_SIGN_STYLE = Automatic;
				CURRENT_PROJECT_VERSION = 1;
				GENERATE_INFOPLIST_FILE = YES;
				INFOPLIST_FILE = week4_team/Info.plist;
				INFOPLIST_KEY_UIApplicationSupportsIndirectInputEvents = YES;
				INFOPLIST_KEY_UILaunchStoryboardName = LaunchScreen;
				INFOPLIST_KEY_UIMainStoryboardFile = Main;
				INFOPLIST_KEY_UISupportedInterfaceOrientations_iPad = "UIInterfaceOrientationPortrait UIInterfaceOrientationPortraitUpsideDown UIInterfaceOrientationLandscapeLeft UIInterfaceOrientationLandscapeRight";
				INFOPLIST_KEY_UISupportedInterfaceOrientations_iPhone = "UIInterfaceOrientationPortrait UIInterfaceOrientationLandscapeLeft UIInterfaceOrientationLandscapeRight";
				LD_RUNPATH_SEARCH_PATHS = (
					"$(inherited)",
					"@executable_path/Frameworks",
				);
				MARKETING_VERSION = 1.0;
				PRODUCT_BUNDLE_IDENTIFIER = "softwarestudio2.week4-team";
				PRODUCT_NAME = "$(TARGET_NAME)";
				SWIFT_EMIT_LOC_STRINGS = YES;
				SWIFT_VERSION = 5.0;
				TARGETED_DEVICE_FAMILY = "1,2";
			};
			name = Release;
		};
		7A9BF6A52AF9CA9E00924412 /* Debug */ = {
			isa = XCBuildConfiguration;
			buildSettings = {
				ALWAYS_EMBED_SWIFT_STANDARD_LIBRARIES = YES;
				BUNDLE_LOADER = "$(TEST_HOST)";
				CODE_SIGN_STYLE = Automatic;
				CURRENT_PROJECT_VERSION = 1;
				GENERATE_INFOPLIST_FILE = YES;
				IPHONEOS_DEPLOYMENT_TARGET = 17.0;
				MARKETING_VERSION = 1.0;
				PRODUCT_BUNDLE_IDENTIFIER = "softwarestudio2.week4-teamTests";
				PRODUCT_NAME = "$(TARGET_NAME)";
				SWIFT_EMIT_LOC_STRINGS = NO;
				SWIFT_VERSION = 5.0;
				TARGETED_DEVICE_FAMILY = "1,2";
				TEST_HOST = "$(BUILT_PRODUCTS_DIR)/week4_team.app/$(BUNDLE_EXECUTABLE_FOLDER_PATH)/week4_team";
			};
			name = Debug;
		};
		7A9BF6A62AF9CA9E00924412 /* Release */ = {
			isa = XCBuildConfiguration;
			buildSettings = {
				ALWAYS_EMBED_SWIFT_STANDARD_LIBRARIES = YES;
				BUNDLE_LOADER = "$(TEST_HOST)";
				CODE_SIGN_STYLE = Automatic;
				CURRENT_PROJECT_VERSION = 1;
				GENERATE_INFOPLIST_FILE = YES;
				IPHONEOS_DEPLOYMENT_TARGET = 17.0;
				MARKETING_VERSION = 1.0;
				PRODUCT_BUNDLE_IDENTIFIER = "softwarestudio2.week4-teamTests";
				PRODUCT_NAME = "$(TARGET_NAME)";
				SWIFT_EMIT_LOC_STRINGS = NO;
				SWIFT_VERSION = 5.0;
				TARGETED_DEVICE_FAMILY = "1,2";
				TEST_HOST = "$(BUILT_PRODUCTS_DIR)/week4_team.app/$(BUNDLE_EXECUTABLE_FOLDER_PATH)/week4_team";
			};
			name = Release;
		};
		7A9BF6A82AF9CA9E00924412 /* Debug */ = {
			isa = XCBuildConfiguration;
			buildSettings = {
				ALWAYS_EMBED_SWIFT_STANDARD_LIBRARIES = YES;
				CODE_SIGN_STYLE = Automatic;
				CURRENT_PROJECT_VERSION = 1;
				GENERATE_INFOPLIST_FILE = YES;
				MARKETING_VERSION = 1.0;
				PRODUCT_BUNDLE_IDENTIFIER = "softwarestudio2.week4-teamUITests";
				PRODUCT_NAME = "$(TARGET_NAME)";
				SWIFT_EMIT_LOC_STRINGS = NO;
				SWIFT_VERSION = 5.0;
				TARGETED_DEVICE_FAMILY = "1,2";
				TEST_TARGET_NAME = week4_team;
			};
			name = Debug;
		};
		7A9BF6A92AF9CA9E00924412 /* Release */ = {
			isa = XCBuildConfiguration;
			buildSettings = {
				ALWAYS_EMBED_SWIFT_STANDARD_LIBRARIES = YES;
				CODE_SIGN_STYLE = Automatic;
				CURRENT_PROJECT_VERSION = 1;
				GENERATE_INFOPLIST_FILE = YES;
				MARKETING_VERSION = 1.0;
				PRODUCT_BUNDLE_IDENTIFIER = "softwarestudio2.week4-teamUITests";
				PRODUCT_NAME = "$(TARGET_NAME)";
				SWIFT_EMIT_LOC_STRINGS = NO;
				SWIFT_VERSION = 5.0;
				TARGETED_DEVICE_FAMILY = "1,2";
				TEST_TARGET_NAME = week4_team;
			};
			name = Release;
		};
/* End XCBuildConfiguration section */

/* Begin XCConfigurationList section */
		7A9BF6722AF9CA9D00924412 /* Build configuration list for PBXProject "week4_team" */ = {
			isa = XCConfigurationList;
			buildConfigurations = (
				7A9BF69F2AF9CA9E00924412 /* Debug */,
				7A9BF6A02AF9CA9E00924412 /* Release */,
			);
			defaultConfigurationIsVisible = 0;
			defaultConfigurationName = Release;
		};
		7A9BF6A12AF9CA9E00924412 /* Build configuration list for PBXNativeTarget "week4_team" */ = {
			isa = XCConfigurationList;
			buildConfigurations = (
				7A9BF6A22AF9CA9E00924412 /* Debug */,
				7A9BF6A32AF9CA9E00924412 /* Release */,
			);
			defaultConfigurationIsVisible = 0;
			defaultConfigurationName = Release;
		};
		7A9BF6A42AF9CA9E00924412 /* Build configuration list for PBXNativeTarget "week4_teamTests" */ = {
			isa = XCConfigurationList;
			buildConfigurations = (
				7A9BF6A52AF9CA9E00924412 /* Debug */,
				7A9BF6A62AF9CA9E00924412 /* Release */,
			);
			defaultConfigurationIsVisible = 0;
			defaultConfigurationName = Release;
		};
		7A9BF6A72AF9CA9E00924412 /* Build configuration list for PBXNativeTarget "week4_teamUITests" */ = {
			isa = XCConfigurationList;
			buildConfigurations = (
				7A9BF6A82AF9CA9E00924412 /* Debug */,
				7A9BF6A92AF9CA9E00924412 /* Release */,
			);
			defaultConfigurationIsVisible = 0;
			defaultConfigurationName = Release;
		};
/* End XCConfigurationList section */
	};
	rootObject = 7A9BF66F2AF9CA9D00924412 /* Project object */;
}
