// !$*UTF8*$!
{
	archiveVersion = 1;
	classes = {
	};
	objectVersion = 56;
	objects = {

/* Begin PBXBuildFile section */
		7A610A2E2B447B4F00D3096F /* AppDelegate.swift in Sources */ = {isa = PBXBuildFile; fileRef = 7A610A2D2B447B4F00D3096F /* AppDelegate.swift */; };
		7A610A302B447B4F00D3096F /* SceneDelegate.swift in Sources */ = {isa = PBXBuildFile; fileRef = 7A610A2F2B447B4F00D3096F /* SceneDelegate.swift */; };
		7A610A322B447B4F00D3096F /* ViewController.swift in Sources */ = {isa = PBXBuildFile; fileRef = 7A610A312B447B4F00D3096F /* ViewController.swift */; };
		7A610A372B447B5100D3096F /* Assets.xcassets in Resources */ = {isa = PBXBuildFile; fileRef = 7A610A362B447B5100D3096F /* Assets.xcassets */; };
		7A610A462B4483E200D3096F /* CalendarViewController.swift in Sources */ = {isa = PBXBuildFile; fileRef = 7A610A452B4483E200D3096F /* CalendarViewController.swift */; };
		7A610A492B46378700D3096F /* CombineMoya in Frameworks */ = {isa = PBXBuildFile; productRef = 7A610A482B46378700D3096F /* CombineMoya */; };
		7A610A4B2B46378700D3096F /* Moya in Frameworks */ = {isa = PBXBuildFile; productRef = 7A610A4A2B46378700D3096F /* Moya */; };
		7A610A4D2B46378700D3096F /* ReactiveMoya in Frameworks */ = {isa = PBXBuildFile; productRef = 7A610A4C2B46378700D3096F /* ReactiveMoya */; };
		7A610A4F2B46378700D3096F /* RxMoya in Frameworks */ = {isa = PBXBuildFile; productRef = 7A610A4E2B46378700D3096F /* RxMoya */; };
		7A610A512B4637ED00D3096F /* CalendarDailyView.swift in Sources */ = {isa = PBXBuildFile; fileRef = 7A610A502B4637ED00D3096F /* CalendarDailyView.swift */; };
		7A610A532B46381F00D3096F /* SettingsViewController.swift in Sources */ = {isa = PBXBuildFile; fileRef = 7A610A522B46381F00D3096F /* SettingsViewController.swift */; };
		7A610A572B46393000D3096F /* SettingsProfileViewController.swift in Sources */ = {isa = PBXBuildFile; fileRef = 7A610A562B46393000D3096F /* SettingsProfileViewController.swift */; };
		7A610A592B46396500D3096F /* SettingsPersonalInformationViewController.swift in Sources */ = {isa = PBXBuildFile; fileRef = 7A610A582B46396500D3096F /* SettingsPersonalInformationViewController.swift */; };
		7A610A5B2B46399100D3096F /* SettingsInquiryViewController.swift in Sources */ = {isa = PBXBuildFile; fileRef = 7A610A5A2B46399100D3096F /* SettingsInquiryViewController.swift */; };
		7A610A5F2B463D1900D3096F /* MainChallengeViewController.swift in Sources */ = {isa = PBXBuildFile; fileRef = 7A610A5E2B463D1900D3096F /* MainChallengeViewController.swift */; };
		7A610A612B463F0C00D3096F /* Goal.swift in Sources */ = {isa = PBXBuildFile; fileRef = 7A610A602B463F0C00D3096F /* Goal.swift */; };
		7A610A632B463F5400D3096F /* Usage.swift in Sources */ = {isa = PBXBuildFile; fileRef = 7A610A622B463F5400D3096F /* Usage.swift */; };
		7A610A652B46402500D3096F /* GoalAPI.swift in Sources */ = {isa = PBXBuildFile; fileRef = 7A610A642B46402500D3096F /* GoalAPI.swift */; };
		7A610A672B46407E00D3096F /* GoalViewModel.swift in Sources */ = {isa = PBXBuildFile; fileRef = 7A610A662B46407E00D3096F /* GoalViewModel.swift */; };
		7A610A692B46408C00D3096F /* UsageViewModel.swift in Sources */ = {isa = PBXBuildFile; fileRef = 7A610A682B46408C00D3096F /* UsageViewModel.swift */; };
		7A610A6B2B46409E00D3096F /* UsageAPI.swift in Sources */ = {isa = PBXBuildFile; fileRef = 7A610A6A2B46409E00D3096F /* UsageAPI.swift */; };
/* End PBXBuildFile section */

/* Begin PBXFileReference section */
		7A610A2A2B447B4F00D3096F /* MoneyPlanner_CM.app */ = {isa = PBXFileReference; explicitFileType = wrapper.application; includeInIndex = 0; path = MoneyPlanner_CM.app; sourceTree = BUILT_PRODUCTS_DIR; };
		7A610A2D2B447B4F00D3096F /* AppDelegate.swift */ = {isa = PBXFileReference; lastKnownFileType = sourcecode.swift; path = AppDelegate.swift; sourceTree = "<group>"; };
		7A610A2F2B447B4F00D3096F /* SceneDelegate.swift */ = {isa = PBXFileReference; lastKnownFileType = sourcecode.swift; path = SceneDelegate.swift; sourceTree = "<group>"; };
		7A610A312B447B4F00D3096F /* ViewController.swift */ = {isa = PBXFileReference; lastKnownFileType = sourcecode.swift; path = ViewController.swift; sourceTree = "<group>"; };
		7A610A362B447B5100D3096F /* Assets.xcassets */ = {isa = PBXFileReference; lastKnownFileType = folder.assetcatalog; path = Assets.xcassets; sourceTree = "<group>"; };
		7A610A3B2B447B5100D3096F /* Info.plist */ = {isa = PBXFileReference; lastKnownFileType = text.plist.xml; path = Info.plist; sourceTree = "<group>"; };
		7A610A452B4483E200D3096F /* CalendarViewController.swift */ = {isa = PBXFileReference; lastKnownFileType = sourcecode.swift; path = CalendarViewController.swift; sourceTree = "<group>"; };
		7A610A502B4637ED00D3096F /* CalendarDailyView.swift */ = {isa = PBXFileReference; lastKnownFileType = sourcecode.swift; path = CalendarDailyView.swift; sourceTree = "<group>"; };
		7A610A522B46381F00D3096F /* SettingsViewController.swift */ = {isa = PBXFileReference; lastKnownFileType = sourcecode.swift; path = SettingsViewController.swift; sourceTree = "<group>"; };
		7A610A562B46393000D3096F /* SettingsProfileViewController.swift */ = {isa = PBXFileReference; lastKnownFileType = sourcecode.swift; path = SettingsProfileViewController.swift; sourceTree = "<group>"; };
		7A610A582B46396500D3096F /* SettingsPersonalInformationViewController.swift */ = {isa = PBXFileReference; lastKnownFileType = sourcecode.swift; path = SettingsPersonalInformationViewController.swift; sourceTree = "<group>"; };
		7A610A5A2B46399100D3096F /* SettingsInquiryViewController.swift */ = {isa = PBXFileReference; lastKnownFileType = sourcecode.swift; path = SettingsInquiryViewController.swift; sourceTree = "<group>"; };
		7A610A5E2B463D1900D3096F /* MainChallengeViewController.swift */ = {isa = PBXFileReference; lastKnownFileType = sourcecode.swift; path = MainChallengeViewController.swift; sourceTree = "<group>"; };
		7A610A602B463F0C00D3096F /* Goal.swift */ = {isa = PBXFileReference; lastKnownFileType = sourcecode.swift; path = Goal.swift; sourceTree = "<group>"; };
		7A610A622B463F5400D3096F /* Usage.swift */ = {isa = PBXFileReference; lastKnownFileType = sourcecode.swift; path = Usage.swift; sourceTree = "<group>"; };
		7A610A642B46402500D3096F /* GoalAPI.swift */ = {isa = PBXFileReference; lastKnownFileType = sourcecode.swift; path = GoalAPI.swift; sourceTree = "<group>"; };
		7A610A662B46407E00D3096F /* GoalViewModel.swift */ = {isa = PBXFileReference; lastKnownFileType = sourcecode.swift; path = GoalViewModel.swift; sourceTree = "<group>"; };
		7A610A682B46408C00D3096F /* UsageViewModel.swift */ = {isa = PBXFileReference; lastKnownFileType = sourcecode.swift; path = UsageViewModel.swift; sourceTree = "<group>"; };
		7A610A6A2B46409E00D3096F /* UsageAPI.swift */ = {isa = PBXFileReference; lastKnownFileType = sourcecode.swift; path = UsageAPI.swift; sourceTree = "<group>"; };
/* End PBXFileReference section */

/* Begin PBXFrameworksBuildPhase section */
		7A610A272B447B4F00D3096F /* Frameworks */ = {
			isa = PBXFrameworksBuildPhase;
			buildActionMask = 2147483647;
			files = (
				7A610A4B2B46378700D3096F /* Moya in Frameworks */,
				7A610A492B46378700D3096F /* CombineMoya in Frameworks */,
				7A610A4F2B46378700D3096F /* RxMoya in Frameworks */,
				7A610A4D2B46378700D3096F /* ReactiveMoya in Frameworks */,
			);
			runOnlyForDeploymentPostprocessing = 0;
		};
/* End PBXFrameworksBuildPhase section */

/* Begin PBXGroup section */
		7A610A212B447B4F00D3096F = {
			isa = PBXGroup;
			children = (
				7A610A2C2B447B4F00D3096F /* MoneyPlanner_CM */,
				7A610A2B2B447B4F00D3096F /* Products */,
			);
			sourceTree = "<group>";
		};
		7A610A2B2B447B4F00D3096F /* Products */ = {
			isa = PBXGroup;
			children = (
				7A610A2A2B447B4F00D3096F /* MoneyPlanner_CM.app */,
			);
			name = Products;
			sourceTree = "<group>";
		};
		7A610A2C2B447B4F00D3096F /* MoneyPlanner_CM */ = {
			isa = PBXGroup;
			children = (
				7A610A2D2B447B4F00D3096F /* AppDelegate.swift */,
				7A610A2F2B447B4F00D3096F /* SceneDelegate.swift */,
				7A610A422B4482E600D3096F /* Network */,
				7A610A432B4482EE00D3096F /* Model */,
				7A610A5D2B463C0400D3096F /* ViewModel */,
				7A610A412B4482DF00D3096F /* View */,
				7A610A362B447B5100D3096F /* Assets.xcassets */,
				7A610A3B2B447B5100D3096F /* Info.plist */,
			);
			path = MoneyPlanner_CM;
			sourceTree = "<group>";
		};
		7A610A412B4482DF00D3096F /* View */ = {
			isa = PBXGroup;
			children = (
				7A610A5C2B4639AB00D3096F /* Calendar */,
				7A610A552B46383C00D3096F /* Challenge */,
				7A610A542B46382E00D3096F /* Settings */,
				7A610A312B447B4F00D3096F /* ViewController.swift */,
			);
			path = View;
			sourceTree = "<group>";
		};
		7A610A422B4482E600D3096F /* Network */ = {
			isa = PBXGroup;
			children = (
				7A610A642B46402500D3096F /* GoalAPI.swift */,
				7A610A6A2B46409E00D3096F /* UsageAPI.swift */,
			);
			path = Network;
			sourceTree = "<group>";
		};
		7A610A432B4482EE00D3096F /* Model */ = {
			isa = PBXGroup;
			children = (
				7A610A602B463F0C00D3096F /* Goal.swift */,
				7A610A622B463F5400D3096F /* Usage.swift */,
			);
			path = Model;
			sourceTree = "<group>";
		};
		7A610A542B46382E00D3096F /* Settings */ = {
			isa = PBXGroup;
			children = (
				7A610A522B46381F00D3096F /* SettingsViewController.swift */,
				7A610A562B46393000D3096F /* SettingsProfileViewController.swift */,
				7A610A582B46396500D3096F /* SettingsPersonalInformationViewController.swift */,
				7A610A5A2B46399100D3096F /* SettingsInquiryViewController.swift */,
			);
			path = Settings;
			sourceTree = "<group>";
		};
		7A610A552B46383C00D3096F /* Challenge */ = {
			isa = PBXGroup;
			children = (
				7A610A5E2B463D1900D3096F /* MainChallengeViewController.swift */,
			);
			path = Challenge;
			sourceTree = "<group>";
		};
		7A610A5C2B4639AB00D3096F /* Calendar */ = {
			isa = PBXGroup;
			children = (
				7A610A452B4483E200D3096F /* CalendarViewController.swift */,
				7A610A502B4637ED00D3096F /* CalendarDailyView.swift */,
			);
			path = Calendar;
			sourceTree = "<group>";
		};
		7A610A5D2B463C0400D3096F /* ViewModel */ = {
			isa = PBXGroup;
			children = (
				7A610A662B46407E00D3096F /* GoalViewModel.swift */,
				7A610A682B46408C00D3096F /* UsageViewModel.swift */,
			);
			path = ViewModel;
			sourceTree = "<group>";
		};
/* End PBXGroup section */

/* Begin PBXNativeTarget section */
		7A610A292B447B4F00D3096F /* MoneyPlanner_CM */ = {
			isa = PBXNativeTarget;
			buildConfigurationList = 7A610A3E2B447B5100D3096F /* Build configuration list for PBXNativeTarget "MoneyPlanner_CM" */;
			buildPhases = (
				7A610A262B447B4F00D3096F /* Sources */,
				7A610A272B447B4F00D3096F /* Frameworks */,
				7A610A282B447B4F00D3096F /* Resources */,
			);
			buildRules = (
			);
			dependencies = (
			);
			name = MoneyPlanner_CM;
			packageProductDependencies = (
				7A610A482B46378700D3096F /* CombineMoya */,
				7A610A4A2B46378700D3096F /* Moya */,
				7A610A4C2B46378700D3096F /* ReactiveMoya */,
				7A610A4E2B46378700D3096F /* RxMoya */,
			);
			productName = MoneyPlanner_CM;
			productReference = 7A610A2A2B447B4F00D3096F /* MoneyPlanner_CM.app */;
			productType = "com.apple.product-type.application";
		};
/* End PBXNativeTarget section */

/* Begin PBXProject section */
		7A610A222B447B4F00D3096F /* Project object */ = {
			isa = PBXProject;
			attributes = {
				BuildIndependentTargetsInParallel = 1;
				LastSwiftUpdateCheck = 1510;
				LastUpgradeCheck = 1510;
				TargetAttributes = {
					7A610A292B447B4F00D3096F = {
						CreatedOnToolsVersion = 15.1;
					};
				};
			};
			buildConfigurationList = 7A610A252B447B4F00D3096F /* Build configuration list for PBXProject "MoneyPlanner_CM" */;
			compatibilityVersion = "Xcode 14.0";
			developmentRegion = en;
			hasScannedForEncodings = 0;
			knownRegions = (
				en,
				Base,
			);
			mainGroup = 7A610A212B447B4F00D3096F;
			packageReferences = (
				7A610A472B46378600D3096F /* XCRemoteSwiftPackageReference "Moya" */,
			);
			productRefGroup = 7A610A2B2B447B4F00D3096F /* Products */;
			projectDirPath = "";
			projectRoot = "";
			targets = (
				7A610A292B447B4F00D3096F /* MoneyPlanner_CM */,
			);
		};
/* End PBXProject section */

/* Begin PBXResourcesBuildPhase section */
		7A610A282B447B4F00D3096F /* Resources */ = {
			isa = PBXResourcesBuildPhase;
			buildActionMask = 2147483647;
			files = (
				7A610A372B447B5100D3096F /* Assets.xcassets in Resources */,
			);
			runOnlyForDeploymentPostprocessing = 0;
		};
/* End PBXResourcesBuildPhase section */

/* Begin PBXSourcesBuildPhase section */
		7A610A262B447B4F00D3096F /* Sources */ = {
			isa = PBXSourcesBuildPhase;
			buildActionMask = 2147483647;
			files = (
				7A610A462B4483E200D3096F /* CalendarViewController.swift in Sources */,
				7A610A322B447B4F00D3096F /* ViewController.swift in Sources */,
				7A610A5B2B46399100D3096F /* SettingsInquiryViewController.swift in Sources */,
				7A610A5F2B463D1900D3096F /* MainChallengeViewController.swift in Sources */,
				7A610A2E2B447B4F00D3096F /* AppDelegate.swift in Sources */,
				7A610A652B46402500D3096F /* GoalAPI.swift in Sources */,
				7A610A512B4637ED00D3096F /* CalendarDailyView.swift in Sources */,
				7A610A692B46408C00D3096F /* UsageViewModel.swift in Sources */,
				7A610A6B2B46409E00D3096F /* UsageAPI.swift in Sources */,
				7A610A672B46407E00D3096F /* GoalViewModel.swift in Sources */,
				7A610A612B463F0C00D3096F /* Goal.swift in Sources */,
				7A610A592B46396500D3096F /* SettingsPersonalInformationViewController.swift in Sources */,
				7A610A572B46393000D3096F /* SettingsProfileViewController.swift in Sources */,
				7A610A302B447B4F00D3096F /* SceneDelegate.swift in Sources */,
				7A610A532B46381F00D3096F /* SettingsViewController.swift in Sources */,
				7A610A632B463F5400D3096F /* Usage.swift in Sources */,
			);
			runOnlyForDeploymentPostprocessing = 0;
		};
/* End PBXSourcesBuildPhase section */

/* Begin XCBuildConfiguration section */
		7A610A3C2B447B5100D3096F /* Debug */ = {
			isa = XCBuildConfiguration;
			buildSettings = {
				ALWAYS_SEARCH_USER_PATHS = NO;
				ASSETCATALOG_COMPILER_GENERATE_SWIFT_ASSET_SYMBOL_EXTENSIONS = YES;
				CLANG_ANALYZER_NONNULL = YES;
				CLANG_ANALYZER_NUMBER_OBJECT_CONVERSION = YES_AGGRESSIVE;
				CLANG_CXX_LANGUAGE_STANDARD = "gnu++20";
				CLANG_ENABLE_MODULES = YES;
				CLANG_ENABLE_OBJC_ARC = YES;
				CLANG_ENABLE_OBJC_WEAK = YES;
				CLANG_WARN_BLOCK_CAPTURE_AUTORELEASING = YES;
				CLANG_WARN_BOOL_CONVERSION = YES;
				CLANG_WARN_COMMA = YES;
				CLANG_WARN_CONSTANT_CONVERSION = YES;
				CLANG_WARN_DEPRECATED_OBJC_IMPLEMENTATIONS = YES;
				CLANG_WARN_DIRECT_OBJC_ISA_USAGE = YES_ERROR;
				CLANG_WARN_DOCUMENTATION_COMMENTS = YES;
				CLANG_WARN_EMPTY_BODY = YES;
				CLANG_WARN_ENUM_CONVERSION = YES;
				CLANG_WARN_INFINITE_RECURSION = YES;
				CLANG_WARN_INT_CONVERSION = YES;
				CLANG_WARN_NON_LITERAL_NULL_CONVERSION = YES;
				CLANG_WARN_OBJC_IMPLICIT_RETAIN_SELF = YES;
				CLANG_WARN_OBJC_LITERAL_CONVERSION = YES;
				CLANG_WARN_OBJC_ROOT_CLASS = YES_ERROR;
				CLANG_WARN_QUOTED_INCLUDE_IN_FRAMEWORK_HEADER = YES;
				CLANG_WARN_RANGE_LOOP_ANALYSIS = YES;
				CLANG_WARN_STRICT_PROTOTYPES = YES;
				CLANG_WARN_SUSPICIOUS_MOVE = YES;
				CLANG_WARN_UNGUARDED_AVAILABILITY = YES_AGGRESSIVE;
				CLANG_WARN_UNREACHABLE_CODE = YES;
				CLANG_WARN__DUPLICATE_METHOD_MATCH = YES;
				COPY_PHASE_STRIP = NO;
				DEBUG_INFORMATION_FORMAT = dwarf;
				ENABLE_STRICT_OBJC_MSGSEND = YES;
				ENABLE_TESTABILITY = YES;
				ENABLE_USER_SCRIPT_SANDBOXING = YES;
				GCC_C_LANGUAGE_STANDARD = gnu17;
				GCC_DYNAMIC_NO_PIC = NO;
				GCC_NO_COMMON_BLOCKS = YES;
				GCC_OPTIMIZATION_LEVEL = 0;
				GCC_PREPROCESSOR_DEFINITIONS = (
					"DEBUG=1",
					"$(inherited)",
				);
				GCC_WARN_64_TO_32_BIT_CONVERSION = YES;
				GCC_WARN_ABOUT_RETURN_TYPE = YES_ERROR;
				GCC_WARN_UNDECLARED_SELECTOR = YES;
				GCC_WARN_UNINITIALIZED_AUTOS = YES_AGGRESSIVE;
				GCC_WARN_UNUSED_FUNCTION = YES;
				GCC_WARN_UNUSED_VARIABLE = YES;
				IPHONEOS_DEPLOYMENT_TARGET = 17.2;
				LOCALIZATION_PREFERS_STRING_CATALOGS = YES;
				MTL_ENABLE_DEBUG_INFO = INCLUDE_SOURCE;
				MTL_FAST_MATH = YES;
				ONLY_ACTIVE_ARCH = YES;
				SDKROOT = iphoneos;
				SWIFT_ACTIVE_COMPILATION_CONDITIONS = "DEBUG $(inherited)";
				SWIFT_OPTIMIZATION_LEVEL = "-Onone";
			};
			name = Debug;
		};
		7A610A3D2B447B5100D3096F /* Release */ = {
			isa = XCBuildConfiguration;
			buildSettings = {
				ALWAYS_SEARCH_USER_PATHS = NO;
				ASSETCATALOG_COMPILER_GENERATE_SWIFT_ASSET_SYMBOL_EXTENSIONS = YES;
				CLANG_ANALYZER_NONNULL = YES;
				CLANG_ANALYZER_NUMBER_OBJECT_CONVERSION = YES_AGGRESSIVE;
				CLANG_CXX_LANGUAGE_STANDARD = "gnu++20";
				CLANG_ENABLE_MODULES = YES;
				CLANG_ENABLE_OBJC_ARC = YES;
				CLANG_ENABLE_OBJC_WEAK = YES;
				CLANG_WARN_BLOCK_CAPTURE_AUTORELEASING = YES;
				CLANG_WARN_BOOL_CONVERSION = YES;
				CLANG_WARN_COMMA = YES;
				CLANG_WARN_CONSTANT_CONVERSION = YES;
				CLANG_WARN_DEPRECATED_OBJC_IMPLEMENTATIONS = YES;
				CLANG_WARN_DIRECT_OBJC_ISA_USAGE = YES_ERROR;
				CLANG_WARN_DOCUMENTATION_COMMENTS = YES;
				CLANG_WARN_EMPTY_BODY = YES;
				CLANG_WARN_ENUM_CONVERSION = YES;
				CLANG_WARN_INFINITE_RECURSION = YES;
				CLANG_WARN_INT_CONVERSION = YES;
				CLANG_WARN_NON_LITERAL_NULL_CONVERSION = YES;
				CLANG_WARN_OBJC_IMPLICIT_RETAIN_SELF = YES;
				CLANG_WARN_OBJC_LITERAL_CONVERSION = YES;
				CLANG_WARN_OBJC_ROOT_CLASS = YES_ERROR;
				CLANG_WARN_QUOTED_INCLUDE_IN_FRAMEWORK_HEADER = YES;
				CLANG_WARN_RANGE_LOOP_ANALYSIS = YES;
				CLANG_WARN_STRICT_PROTOTYPES = YES;
				CLANG_WARN_SUSPICIOUS_MOVE = YES;
				CLANG_WARN_UNGUARDED_AVAILABILITY = YES_AGGRESSIVE;
				CLANG_WARN_UNREACHABLE_CODE = YES;
				CLANG_WARN__DUPLICATE_METHOD_MATCH = YES;
				COPY_PHASE_STRIP = NO;
				DEBUG_INFORMATION_FORMAT = "dwarf-with-dsym";
				ENABLE_NS_ASSERTIONS = NO;
				ENABLE_STRICT_OBJC_MSGSEND = YES;
				ENABLE_USER_SCRIPT_SANDBOXING = YES;
				GCC_C_LANGUAGE_STANDARD = gnu17;
				GCC_NO_COMMON_BLOCKS = YES;
				GCC_WARN_64_TO_32_BIT_CONVERSION = YES;
				GCC_WARN_ABOUT_RETURN_TYPE = YES_ERROR;
				GCC_WARN_UNDECLARED_SELECTOR = YES;
				GCC_WARN_UNINITIALIZED_AUTOS = YES_AGGRESSIVE;
				GCC_WARN_UNUSED_FUNCTION = YES;
				GCC_WARN_UNUSED_VARIABLE = YES;
				IPHONEOS_DEPLOYMENT_TARGET = 17.2;
				LOCALIZATION_PREFERS_STRING_CATALOGS = YES;
				MTL_ENABLE_DEBUG_INFO = NO;
				MTL_FAST_MATH = YES;
				SDKROOT = iphoneos;
				SWIFT_COMPILATION_MODE = wholemodule;
				VALIDATE_PRODUCT = YES;
			};
			name = Release;
		};
		7A610A3F2B447B5100D3096F /* Debug */ = {
			isa = XCBuildConfiguration;
			buildSettings = {
				ASSETCATALOG_COMPILER_APPICON_NAME = AppIcon;
				ASSETCATALOG_COMPILER_GLOBAL_ACCENT_COLOR_NAME = AccentColor;
				CODE_SIGN_STYLE = Automatic;
				CURRENT_PROJECT_VERSION = 1;
				DEVELOPMENT_TEAM = 4QG3GC35LA;
				GENERATE_INFOPLIST_FILE = YES;
				INFOPLIST_FILE = MoneyPlanner_CM/Info.plist;
				INFOPLIST_KEY_UIApplicationSupportsIndirectInputEvents = YES;
				INFOPLIST_KEY_UILaunchStoryboardName = LaunchScreen;
				INFOPLIST_KEY_UIMainStoryboardFile = "";
				INFOPLIST_KEY_UISupportedInterfaceOrientations_iPad = "UIInterfaceOrientationPortrait UIInterfaceOrientationPortraitUpsideDown UIInterfaceOrientationLandscapeLeft UIInterfaceOrientationLandscapeRight";
				INFOPLIST_KEY_UISupportedInterfaceOrientations_iPhone = "UIInterfaceOrientationPortrait UIInterfaceOrientationLandscapeLeft UIInterfaceOrientationLandscapeRight";
				LD_RUNPATH_SEARCH_PATHS = (
					"$(inherited)",
					"@executable_path/Frameworks",
				);
				MARKETING_VERSION = 1.0;
				PRODUCT_BUNDLE_IDENTIFIER = "umc.MoneyPlanner-CM";
				PRODUCT_NAME = "$(TARGET_NAME)";
				SWIFT_EMIT_LOC_STRINGS = YES;
				SWIFT_VERSION = 5.0;
				TARGETED_DEVICE_FAMILY = "1,2";
			};
			name = Debug;
		};
		7A610A402B447B5100D3096F /* Release */ = {
			isa = XCBuildConfiguration;
			buildSettings = {
				ASSETCATALOG_COMPILER_APPICON_NAME = AppIcon;
				ASSETCATALOG_COMPILER_GLOBAL_ACCENT_COLOR_NAME = AccentColor;
				CODE_SIGN_STYLE = Automatic;
				CURRENT_PROJECT_VERSION = 1;
				DEVELOPMENT_TEAM = 4QG3GC35LA;
				GENERATE_INFOPLIST_FILE = YES;
				INFOPLIST_FILE = MoneyPlanner_CM/Info.plist;
				INFOPLIST_KEY_UIApplicationSupportsIndirectInputEvents = YES;
				INFOPLIST_KEY_UILaunchStoryboardName = LaunchScreen;
				INFOPLIST_KEY_UIMainStoryboardFile = "";
				INFOPLIST_KEY_UISupportedInterfaceOrientations_iPad = "UIInterfaceOrientationPortrait UIInterfaceOrientationPortraitUpsideDown UIInterfaceOrientationLandscapeLeft UIInterfaceOrientationLandscapeRight";
				INFOPLIST_KEY_UISupportedInterfaceOrientations_iPhone = "UIInterfaceOrientationPortrait UIInterfaceOrientationLandscapeLeft UIInterfaceOrientationLandscapeRight";
				LD_RUNPATH_SEARCH_PATHS = (
					"$(inherited)",
					"@executable_path/Frameworks",
				);
				MARKETING_VERSION = 1.0;
				PRODUCT_BUNDLE_IDENTIFIER = "umc.MoneyPlanner-CM";
				PRODUCT_NAME = "$(TARGET_NAME)";
				SWIFT_EMIT_LOC_STRINGS = YES;
				SWIFT_VERSION = 5.0;
				TARGETED_DEVICE_FAMILY = "1,2";
			};
			name = Release;
		};
/* End XCBuildConfiguration section */

/* Begin XCConfigurationList section */
		7A610A252B447B4F00D3096F /* Build configuration list for PBXProject "MoneyPlanner_CM" */ = {
			isa = XCConfigurationList;
			buildConfigurations = (
				7A610A3C2B447B5100D3096F /* Debug */,
				7A610A3D2B447B5100D3096F /* Release */,
			);
			defaultConfigurationIsVisible = 0;
			defaultConfigurationName = Release;
		};
		7A610A3E2B447B5100D3096F /* Build configuration list for PBXNativeTarget "MoneyPlanner_CM" */ = {
			isa = XCConfigurationList;
			buildConfigurations = (
				7A610A3F2B447B5100D3096F /* Debug */,
				7A610A402B447B5100D3096F /* Release */,
			);
			defaultConfigurationIsVisible = 0;
			defaultConfigurationName = Release;
		};
/* End XCConfigurationList section */

/* Begin XCRemoteSwiftPackageReference section */
		7A610A472B46378600D3096F /* XCRemoteSwiftPackageReference "Moya" */ = {
			isa = XCRemoteSwiftPackageReference;
			repositoryURL = "https://github.com/Moya/Moya";
			requirement = {
				kind = upToNextMajorVersion;
				minimumVersion = 15.0.3;
			};
		};
/* End XCRemoteSwiftPackageReference section */

/* Begin XCSwiftPackageProductDependency section */
		7A610A482B46378700D3096F /* CombineMoya */ = {
			isa = XCSwiftPackageProductDependency;
			package = 7A610A472B46378600D3096F /* XCRemoteSwiftPackageReference "Moya" */;
			productName = CombineMoya;
		};
		7A610A4A2B46378700D3096F /* Moya */ = {
			isa = XCSwiftPackageProductDependency;
			package = 7A610A472B46378600D3096F /* XCRemoteSwiftPackageReference "Moya" */;
			productName = Moya;
		};
		7A610A4C2B46378700D3096F /* ReactiveMoya */ = {
			isa = XCSwiftPackageProductDependency;
			package = 7A610A472B46378600D3096F /* XCRemoteSwiftPackageReference "Moya" */;
			productName = ReactiveMoya;
		};
		7A610A4E2B46378700D3096F /* RxMoya */ = {
			isa = XCSwiftPackageProductDependency;
			package = 7A610A472B46378600D3096F /* XCRemoteSwiftPackageReference "Moya" */;
			productName = RxMoya;
		};
/* End XCSwiftPackageProductDependency section */
	};
	rootObject = 7A610A222B447B4F00D3096F /* Project object */;
}
